
Microsoft Visual Studio Solution File, Format Version 12.00
# Visual Studio Version 17
VisualStudioVersion = 17.2.32630.192
MinimumVisualStudioVersion = 10.0.40219.1
Project("{9A19103F-16F7-4668-BE54-9A1E7A4F7556}") = "R5T.L0075.Construction", "R5T.L0075.Construction\R5T.L0075.Construction.csproj", "{331A1A7F-561B-4B86-97FA-78B6F353A002}"
EndProject
Project("{9A19103F-16F7-4668-BE54-9A1E7A4F7556}") = "R5T.L0075", "R5T.L0075\R5T.L0075.csproj", "{F262B518-A02E-42E3-8CC3-54354A4B4999}"
EndProject
Project("{9A19103F-16F7-4668-BE54-9A1E7A4F7556}") = "R5T.L0075.T000", "R5T.L0075.T000\R5T.L0075.T000.csproj", "{3CF51842-4573-4429-A92D-60D40D0FC687}"
EndProject
Project("{2150E333-8FDC-42A3-9474-1A3956D46DE8}") = "_Dependencies", "_Dependencies", "{F58C2970-67C0-4B7C-8380-023755660195}"
EndProject
Project("{9A19103F-16F7-4668-BE54-9A1E7A4F7556}") = "R5T.F0000", "..\..\R5T.F0000\source\R5T.F0000\R5T.F0000.csproj", "{E200DB29-9A0F-4FA1-BEB2-F90FF6E59594}"
EndProject
Project("{9A19103F-16F7-4668-BE54-9A1E7A4F7556}") = "R5T.F0002", "..\..\R5T.F0002\source\R5T.F0002\R5T.F0002.csproj", "{FCE59D64-4E4D-4BEE-AF43-32D8DEC875FF}"
EndProject
Project("{9A19103F-16F7-4668-BE54-9A1E7A4F7556}") = "R5T.F0059", "..\..\R5T.F0059\source\R5T.F0059\R5T.F0059.csproj", "{CF713F57-913C-498F-96C6-40D6F513E603}"
EndProject
Project("{9A19103F-16F7-4668-BE54-9A1E7A4F7556}") = "R5T.F0120", "..\..\R5T.F0120\source\R5T.F0120\R5T.F0120.csproj", "{2A6CC81F-48D4-4F9C-9D73-C939B45B6AA0}"
EndProject
Project("{9A19103F-16F7-4668-BE54-9A1E7A4F7556}") = "R5T.F0124", "..\..\R5T.F0124\source\R5T.F0124\R5T.F0124.csproj", "{8FD9824E-074B-48E5-B3AE-E3AB078F6D52}"
EndProject
Project("{9A19103F-16F7-4668-BE54-9A1E7A4F7556}") = "R5T.F0125", "..\..\R5T.F0125\source\R5T.F0125\R5T.F0125.csproj", "{738CAF4D-3A74-4A29-8FC7-5CAF46F911D8}"
EndProject
Project("{9A19103F-16F7-4668-BE54-9A1E7A4F7556}") = "R5T.L0030.T000", "..\..\R5T.L0030\source\R5T.L0030.T000\R5T.L0030.T000.csproj", "{F048C910-C708-4ABC-8248-56E0E2A6CA22}"
EndProject
Project("{9A19103F-16F7-4668-BE54-9A1E7A4F7556}") = "R5T.L0030", "..\..\R5T.L0030\source\R5T.L0030\R5T.L0030.csproj", "{27024B38-EBA8-49A0-8DE7-1D2368012FF1}"
EndProject
Project("{9A19103F-16F7-4668-BE54-9A1E7A4F7556}") = "R5T.L0034", "..\..\R5T.L0034\source\R5T.L0034\R5T.L0034.csproj", "{4F227160-C6A7-4119-B3EB-306181F9CB75}"
EndProject
Project("{9A19103F-16F7-4668-BE54-9A1E7A4F7556}") = "R5T.L0035", "..\..\R5T.L0035\source\R5T.L0035\R5T.L0035.csproj", "{3D6F38EE-FE5A-4272-99D4-9A7D17EBC85E}"
EndProject
Project("{9A19103F-16F7-4668-BE54-9A1E7A4F7556}") = "R5T.L0053", "..\..\R5T.L0053\source\R5T.L0053\R5T.L0053.csproj", "{0FE8EE04-4903-4E59-B270-C14DE2069EF7}"
EndProject
Project("{9A19103F-16F7-4668-BE54-9A1E7A4F7556}") = "R5T.L0056", "..\..\R5T.L0056\source\R5T.L0056\R5T.L0056.csproj", "{EFEEC0B5-CEAB-49B6-B18E-CF179C18CFE8}"
EndProject
Project("{9A19103F-16F7-4668-BE54-9A1E7A4F7556}") = "R5T.L0066", "..\..\R5T.L0066\source\R5T.L0066\R5T.L0066.csproj", "{42A8CE3D-559D-4179-A534-BAC3CC760F32}"
EndProject
Project("{9A19103F-16F7-4668-BE54-9A1E7A4F7556}") = "R5T.L0071", "..\..\R5T.L0071\source\R5T.L0071\R5T.L0071.csproj", "{F0A94BB9-B80B-4257-9D3D-44CC87F936DF}"
EndProject
Project("{9A19103F-16F7-4668-BE54-9A1E7A4F7556}") = "R5T.L0074", "..\..\R5T.L0074\source\R5T.L0074\R5T.L0074.csproj", "{A99F7242-DA14-45C4-AA86-4C38FE1E8AAC}"
EndProject
Project("{9A19103F-16F7-4668-BE54-9A1E7A4F7556}") = "R5T.NG0006", "..\..\R5T.NG0006\source\R5T.NG0006\R5T.NG0006.csproj", "{C56A0352-D0B6-4549-BBBB-AC6A68E79077}"
EndProject
Project("{9A19103F-16F7-4668-BE54-9A1E7A4F7556}") = "R5T.NG0022", "..\..\R5T.NG0022\source\R5T.NG0022\R5T.NG0022.csproj", "{DF78A9B1-4896-440D-852F-630B5F2F24BF}"
EndProject
Project("{9A19103F-16F7-4668-BE54-9A1E7A4F7556}") = "R5T.T0131", "..\..\R5T.T0131\source\R5T.T0131\R5T.T0131.csproj", "{D7942B03-F16F-41DF-9366-3AB5BB29BA77}"
EndProject
Project("{9A19103F-16F7-4668-BE54-9A1E7A4F7556}") = "R5T.T0132", "..\..\R5T.T0132\source\R5T.T0132\R5T.T0132.csproj", "{6A2FD315-F750-4788-9057-C8581206F7CA}"
EndProject
Project("{9A19103F-16F7-4668-BE54-9A1E7A4F7556}") = "R5T.T0142", "..\..\R5T.T0142\source\R5T.T0142\R5T.T0142.csproj", "{867F35D5-7F32-47F7-A7DA-339A625634EE}"
EndProject
Project("{9A19103F-16F7-4668-BE54-9A1E7A4F7556}") = "R5T.T0143", "..\..\R5T.T0143\source\R5T.T0143\R5T.T0143.csproj", "{4B47D8AD-26C7-4A0C-BBCB-CF0FB9F8845E}"
EndProject
Project("{9A19103F-16F7-4668-BE54-9A1E7A4F7556}") = "R5T.T0150", "..\..\R5T.T0150\source\R5T.T0150\R5T.T0150.csproj", "{40E2C255-1651-48E5-81DF-368835DCD466}"
EndProject
Project("{9A19103F-16F7-4668-BE54-9A1E7A4F7556}") = "R5T.T0151", "..\..\R5T.T0151\source\R5T.T0151\R5T.T0151.csproj", "{8E1E3B39-7604-4FCE-962C-467654F2E6B1}"
EndProject
Project("{9A19103F-16F7-4668-BE54-9A1E7A4F7556}") = "R5T.T0156", "..\..\R5T.T0156\source\R5T.T0156\R5T.T0156.csproj", "{05608995-A650-4F7D-8939-610B721C81AF}"
EndProject
Project("{9A19103F-16F7-4668-BE54-9A1E7A4F7556}") = "R5T.T0158", "..\..\R5T.T0158\source\R5T.T0158\R5T.T0158.csproj", "{F4F8D745-DD85-400B-9B2E-EA321EA29654}"
EndProject
Project("{9A19103F-16F7-4668-BE54-9A1E7A4F7556}") = "R5T.T0159", "..\..\R5T.T0159\source\R5T.T0159\R5T.T0159.csproj", "{DF114308-5BF1-46E1-9CCD-AD622ED86EB2}"
EndProject
Project("{9A19103F-16F7-4668-BE54-9A1E7A4F7556}") = "R5T.T0172", "..\..\R5T.T0172\source\R5T.T0172\R5T.T0172.csproj", "{36BB1D0E-4E9C-4644-BBFA-CFDE21FD1FF0}"
EndProject
Project("{9A19103F-16F7-4668-BE54-9A1E7A4F7556}") = "R5T.T0174", "..\..\R5T.T0174\source\R5T.T0174\R5T.T0174.csproj", "{6404B91C-E959-4F95-8504-E107F4B8EF1B}"
EndProject
Project("{9A19103F-16F7-4668-BE54-9A1E7A4F7556}") = "R5T.T0176", "..\..\R5T.T0176\source\R5T.T0176\R5T.T0176.csproj", "{CCB22BF7-1495-4F32-8AE0-6263B26904C2}"
EndProject
Project("{9A19103F-16F7-4668-BE54-9A1E7A4F7556}") = "R5T.T0177", "..\..\R5T.T0177\source\R5T.T0177\R5T.T0177.csproj", "{1D5C894D-61C1-4910-82B9-5130DEF3FE45}"
EndProject
Project("{9A19103F-16F7-4668-BE54-9A1E7A4F7556}") = "R5T.T0178", "..\..\R5T.T0178\source\R5T.T0178\R5T.T0178.csproj", "{3CEA844A-D9DF-4A17-AACD-4D945C19D07F}"
EndProject
Project("{9A19103F-16F7-4668-BE54-9A1E7A4F7556}") = "R5T.T0179", "..\..\R5T.T0179\source\R5T.T0179\R5T.T0179.csproj", "{8F7DEE49-6440-4425-9600-D5269414DB20}"
EndProject
Project("{9A19103F-16F7-4668-BE54-9A1E7A4F7556}") = "R5T.T0180", "..\..\R5T.T0180\source\R5T.T0180\R5T.T0180.csproj", "{EBB6DC88-CADE-4D18-9481-CFD59E39332D}"
EndProject
Project("{9A19103F-16F7-4668-BE54-9A1E7A4F7556}") = "R5T.T0181", "..\..\R5T.T0181\source\R5T.T0181\R5T.T0181.csproj", "{BD49E2C1-DA25-4055-932A-1D072EF0B881}"
EndProject
Project("{9A19103F-16F7-4668-BE54-9A1E7A4F7556}") = "R5T.T0185", "..\..\R5T.T0185\source\R5T.T0185\R5T.T0185.csproj", "{C038B858-527F-4477-B6BB-17E8D95AAD48}"
EndProject
Project("{9A19103F-16F7-4668-BE54-9A1E7A4F7556}") = "R5T.T0199.T000", "..\..\R5T.T0199\source\R5T.T0199.T000\R5T.T0199.T000.csproj", "{15A81CA4-AFB9-4D29-A031-50B8D8FAAA23}"
EndProject
Project("{9A19103F-16F7-4668-BE54-9A1E7A4F7556}") = "R5T.T0199.T001", "..\..\R5T.T0199\source\R5T.T0199.T001\R5T.T0199.T001.csproj", "{D871E24A-A441-497D-8F87-F5B1A7C099A0}"
EndProject
Project("{9A19103F-16F7-4668-BE54-9A1E7A4F7556}") = "R5T.T0199", "..\..\R5T.T0199\source\R5T.T0199\R5T.T0199.csproj", "{3C34FE46-49F7-49E4-B8A6-C9FF57967785}"
EndProject
Project("{9A19103F-16F7-4668-BE54-9A1E7A4F7556}") = "R5T.T0203", "..\..\R5T.T0203\source\R5T.T0203\R5T.T0203.csproj", "{26ACF9FA-38A8-40E4-83A5-68DAC927B917}"
EndProject
Project("{9A19103F-16F7-4668-BE54-9A1E7A4F7556}") = "R5T.T0213", "..\..\R5T.T0213\source\R5T.T0213\R5T.T0213.csproj", "{04C6C343-4412-4310-BBDE-56503586C705}"
EndProject
Project("{9A19103F-16F7-4668-BE54-9A1E7A4F7556}") = "R5T.T0218", "..\..\R5T.T0218\source\R5T.T0218\R5T.T0218.csproj", "{C6F5FE24-52C2-471C-ABE4-0F636FEF7810}"
EndProject
Project("{9A19103F-16F7-4668-BE54-9A1E7A4F7556}") = "R5T.T0219", "..\..\R5T.T0219\source\R5T.T0219\R5T.T0219.csproj", "{BF5E011D-DDC2-4881-82E7-E368C5B60F9B}"
EndProject
Project("{9A19103F-16F7-4668-BE54-9A1E7A4F7556}") = "R5T.T0220", "..\..\R5T.T0220\source\R5T.T0220\R5T.T0220.csproj", "{99153CD4-7338-4D58-AF46-42F460D58352}"
EndProject
Project("{9A19103F-16F7-4668-BE54-9A1E7A4F7556}") = "R5T.T0221", "..\..\R5T.T0221\source\R5T.T0221\R5T.T0221.csproj", "{4286F9D6-4CF5-449E-B343-FB3C9BBE5103}"
EndProject
Project("{9A19103F-16F7-4668-BE54-9A1E7A4F7556}") = "R5T.T0227", "..\..\R5T.T0227\source\R5T.T0227\R5T.T0227.csproj", "{01E49DAD-4BAA-43E2-B623-80343E26E701}"
EndProject
Project("{9A19103F-16F7-4668-BE54-9A1E7A4F7556}") = "R5T.Y0000", "..\..\R5T.Y0000\source\R5T.Y0000\R5T.Y0000.csproj", "{046B391A-B195-4D98-9347-759D542BF41C}"
EndProject
Project("{9A19103F-16F7-4668-BE54-9A1E7A4F7556}") = "R5T.Y0006", "..\..\R5T.Y0006\source\R5T.Y0006\R5T.Y0006.csproj", "{0202C35D-57D7-4674-AAC3-1FB85E4511F5}"
EndProject
Project("{9A19103F-16F7-4668-BE54-9A1E7A4F7556}") = "R5T.Z0000", "..\..\R5T.Z0000\source\R5T.Z0000\R5T.Z0000.csproj", "{340728E8-9834-4522-8D5B-52EC2A030DDC}"
EndProject
Project("{9A19103F-16F7-4668-BE54-9A1E7A4F7556}") = "R5T.Z0010.Platform", "..\..\R5T.Z0010\source\R5T.Z0010.Platform\R5T.Z0010.Platform.csproj", "{D2213F4E-E068-4E21-B334-41A32D0A3C8D}"
EndProject
Project("{9A19103F-16F7-4668-BE54-9A1E7A4F7556}") = "R5T.Z0010", "..\..\R5T.Z0010\source\R5T.Z0010\R5T.Z0010.csproj", "{0C805BEC-DECC-4697-8F8E-BA8290FD3CA4}"
EndProject
Project("{9A19103F-16F7-4668-BE54-9A1E7A4F7556}") = "R5T.Z0057.Platform", "..\..\R5T.Z0057\source\R5T.Z0057.Platform\R5T.Z0057.Platform.csproj", "{DEB2BB3D-C904-4893-AFC3-4952EA0553D8}"
EndProject
Project("{9A19103F-16F7-4668-BE54-9A1E7A4F7556}") = "R5T.Z0057", "..\..\R5T.Z0057\source\R5T.Z0057\R5T.Z0057.csproj", "{68406AD5-844D-40EC-90E0-F3B15A339582}"
EndProject
Project("{9A19103F-16F7-4668-BE54-9A1E7A4F7556}") = "R5T.Z0058", "..\..\R5T.Z0058\source\R5T.Z0058\R5T.Z0058.csproj", "{5F9B878A-C15C-4500-B4DB-2F2A6601C428}"
EndProject
Project("{9A19103F-16F7-4668-BE54-9A1E7A4F7556}") = "R5T.T0231", "..\..\R5T.T0231\source\R5T.T0231\R5T.T0231.csproj", "{21763F21-96FB-4B8A-9FB0-EADB95BDCCD4}"
EndProject
Project("{9A19103F-16F7-4668-BE54-9A1E7A4F7556}") = "R5T.T0232", "..\..\R5T.T0232\source\R5T.T0232\R5T.T0232.csproj", "{C56230A1-66D9-45DF-BBD0-98ACAD5596E2}"
EndProject
Project("{9A19103F-16F7-4668-BE54-9A1E7A4F7556}") = "R5T.L0075.O001", "R5T.L0075.O001\R5T.L0075.O001.csproj", "{93B753DE-DE29-4E4E-A623-0C8C34AEACF3}"
EndProject
Project("{9A19103F-16F7-4668-BE54-9A1E7A4F7556}") = "R5T.F0020", "..\..\R5T.F0020\source\R5T.F0020\R5T.F0020.csproj", "{6F92F78E-F335-4313-AF21-BBA6EE82E106}"
EndProject
Project("{9A19103F-16F7-4668-BE54-9A1E7A4F7556}") = "R5T.F0033.Platform", "..\..\R5T.F0033\source\R5T.F0033.Platform\R5T.F0033.Platform.csproj", "{6D52B415-FF78-4EFB-BB76-2C63ED46DC38}"
EndProject
Project("{9A19103F-16F7-4668-BE54-9A1E7A4F7556}") = "R5T.F0033", "..\..\R5T.F0033\source\R5T.F0033\R5T.F0033.csproj", "{DAC6E43E-76D4-4B04-8E99-05A23DE3E9C6}"
EndProject
Project("{9A19103F-16F7-4668-BE54-9A1E7A4F7556}") = "R5T.F0034.Platform", "..\..\R5T.F0034\source\R5T.F0034.Platform\R5T.F0034.Platform.csproj", "{3D29402F-40CC-43A1-B94B-A22BD728FDE2}"
EndProject
Project("{9A19103F-16F7-4668-BE54-9A1E7A4F7556}") = "R5T.F0034", "..\..\R5T.F0034\source\R5T.F0034\R5T.F0034.csproj", "{20D640AA-C07A-4B32-B322-40421F0C0D1E}"
EndProject
Project("{9A19103F-16F7-4668-BE54-9A1E7A4F7556}") = "R5T.F0035.F001", "..\..\R5T.F0035\source\R5T.F0035.F001\R5T.F0035.F001.csproj", "{522BEF58-CE23-4030-BAE6-D4C74D7B3D52}"
EndProject
Project("{9A19103F-16F7-4668-BE54-9A1E7A4F7556}") = "R5T.F0040.F000", "..\..\R5T.F0040\source\R5T.F0040.F000\R5T.F0040.F000.csproj", "{C451A62A-D8B3-4703-BA88-992AFD61BAC2}"
EndProject
Project("{9A19103F-16F7-4668-BE54-9A1E7A4F7556}") = "R5T.F0040", "..\..\R5T.F0040\source\R5T.F0040\R5T.F0040.csproj", "{48CD3B33-E405-4F85-8FB4-AE31EA2C9CB9}"
EndProject
Project("{9A19103F-16F7-4668-BE54-9A1E7A4F7556}") = "R5T.F0138", "..\..\R5T.F0138\source\R5T.F0138\R5T.F0138.csproj", "{EC91D7E6-5704-42D2-B997-2BE6830BC0CB}"
EndProject
Project("{9A19103F-16F7-4668-BE54-9A1E7A4F7556}") = "R5T.F0139", "..\..\R5T.F0139\source\R5T.F0139\R5T.F0139.csproj", "{A817DAA9-5531-4782-AF1B-A4BC1A3690C3}"
EndProject
Project("{9A19103F-16F7-4668-BE54-9A1E7A4F7556}") = "R5T.F0140", "..\..\R5T.F0140\source\R5T.F0140\R5T.F0140.csproj", "{13B735FE-A4A0-4097-83AB-BCCF3C0803F4}"
EndProject
Project("{9A19103F-16F7-4668-BE54-9A1E7A4F7556}") = "R5T.L0032.T000", "..\..\R5T.L0032\source\R5T.L0032.T000\R5T.L0032.T000.csproj", "{8E479074-2FE7-41F5-8020-FF21908006C2}"
EndProject
Project("{9A19103F-16F7-4668-BE54-9A1E7A4F7556}") = "R5T.L0032.Y000", "..\..\R5T.L0032\source\R5T.L0032.Y000\R5T.L0032.Y000.csproj", "{7D6BC597-42C6-489B-B8FC-1B0545414A85}"
EndProject
Project("{9A19103F-16F7-4668-BE54-9A1E7A4F7556}") = "R5T.L0055", "..\..\R5T.L0055\source\R5T.L0055\R5T.L0055.csproj", "{843FC2A5-4506-4BDF-B087-39EEC96AC34A}"
EndProject
Project("{9A19103F-16F7-4668-BE54-9A1E7A4F7556}") = "R5T.L0057", "..\..\R5T.L0057\source\R5T.L0057\R5T.L0057.csproj", "{47DA2179-1D46-4938-A7F6-9252C7115B5C}"
EndProject
Project("{9A19103F-16F7-4668-BE54-9A1E7A4F7556}") = "R5T.L0058", "..\..\R5T.L0058\source\R5T.L0058\R5T.L0058.csproj", "{6CD9F7AB-C82B-4C29-B208-F537044D41F7}"
EndProject
Project("{9A19103F-16F7-4668-BE54-9A1E7A4F7556}") = "R5T.L0061", "..\..\R5T.L0061\source\R5T.L0061\R5T.L0061.csproj", "{97E0C5AD-802E-4D71-932B-5AF52B43011B}"
EndProject
Project("{9A19103F-16F7-4668-BE54-9A1E7A4F7556}") = "R5T.L0064.F001", "..\..\R5T.L0064\source\R5T.L0064.F001\R5T.L0064.F001.csproj", "{400393DE-DE8D-4512-B3B6-A8E915F677F1}"
EndProject
Project("{9A19103F-16F7-4668-BE54-9A1E7A4F7556}") = "R5T.NG0002", "..\..\R5T.NG0002\source\R5T.NG0002\R5T.NG0002.csproj", "{BB82F066-1A4C-4488-BA4F-7E3F174A2EFC}"
EndProject
Project("{9A19103F-16F7-4668-BE54-9A1E7A4F7556}") = "R5T.NG0007", "..\..\R5T.NG0007\source\R5T.NG0007\R5T.NG0007.csproj", "{1D26CB16-247E-411F-A3D8-63437BC230D7}"
EndProject
Project("{9A19103F-16F7-4668-BE54-9A1E7A4F7556}") = "R5T.NG0010", "..\..\R5T.NG0010\source\R5T.NG0010\R5T.NG0010.csproj", "{171A228D-78B8-459B-B0EE-9F11B13EA3BD}"
EndProject
Project("{9A19103F-16F7-4668-BE54-9A1E7A4F7556}") = "R5T.T0141", "..\..\R5T.T0141\source\R5T.T0141\R5T.T0141.csproj", "{1F08AFFC-E3AD-479D-8C27-DEFC33488D95}"
EndProject
Project("{9A19103F-16F7-4668-BE54-9A1E7A4F7556}") = "R5T.T0148", "..\..\R5T.T0148\source\R5T.T0148\R5T.T0148.csproj", "{95815B15-DC9F-4DED-B428-620A5A9FD4A4}"
EndProject
Project("{9A19103F-16F7-4668-BE54-9A1E7A4F7556}") = "R5T.T0152", "..\..\R5T.T0152\source\R5T.T0152\R5T.T0152.csproj", "{B843B422-A5E6-4FA6-A184-210136B6DAB0}"
EndProject
Project("{9A19103F-16F7-4668-BE54-9A1E7A4F7556}") = "R5T.T0158.F000", "..\..\R5T.T0158\source\R5T.T0158.F000\R5T.T0158.F000.csproj", "{12EFCBFA-436A-42B0-97AC-C07250FF0C1D}"
EndProject
Project("{9A19103F-16F7-4668-BE54-9A1E7A4F7556}") = "R5T.T0158.T000", "..\..\R5T.T0158\source\R5T.T0158.T000\R5T.T0158.T000.csproj", "{A382A77F-D83E-4B95-9FD7-75579C4F44AD}"
EndProject
Project("{9A19103F-16F7-4668-BE54-9A1E7A4F7556}") = "R5T.T0159.F000", "..\..\R5T.T0159\source\R5T.T0159.F000\R5T.T0159.F000.csproj", "{39791834-14F3-4CCF-A8A2-512057481919}"
EndProject
Project("{9A19103F-16F7-4668-BE54-9A1E7A4F7556}") = "R5T.T0161", "..\..\R5T.T0161\source\R5T.T0161\R5T.T0161.csproj", "{3C4937D3-D20B-47E8-A663-D2EC16A9D5C4}"
EndProject
Project("{9A19103F-16F7-4668-BE54-9A1E7A4F7556}") = "R5T.T0184", "..\..\R5T.T0184\source\R5T.T0184\R5T.T0184.csproj", "{0225F917-3C54-4461-BAA6-632B6378FE21}"
EndProject
Project("{9A19103F-16F7-4668-BE54-9A1E7A4F7556}") = "R5T.T0186", "..\..\R5T.T0186\source\R5T.T0186\R5T.T0186.csproj", "{98C6306D-28F6-4818-A521-08F3D026665A}"
EndProject
Project("{9A19103F-16F7-4668-BE54-9A1E7A4F7556}") = "R5T.T0187", "..\..\R5T.T0187\source\R5T.T0187\R5T.T0187.csproj", "{224FD7CD-B222-4E17-8ADC-632BC0B6002C}"
EndProject
Project("{9A19103F-16F7-4668-BE54-9A1E7A4F7556}") = "R5T.T0196", "..\..\R5T.T0196\source\R5T.T0196\R5T.T0196.csproj", "{2A03EDF2-3165-417F-8EC5-E260A7329673}"
EndProject
Project("{9A19103F-16F7-4668-BE54-9A1E7A4F7556}") = "R5T.T0197", "..\..\R5T.T0197\source\R5T.T0197\R5T.T0197.csproj", "{9CA090C0-A468-490A-A129-4F9C65BAE325}"
EndProject
Project("{9A19103F-16F7-4668-BE54-9A1E7A4F7556}") = "R5T.T0198", "..\..\R5T.T0198\source\R5T.T0198\R5T.T0198.csproj", "{A6BE5CD8-606C-40C9-8DC8-B2A98B7D6EFF}"
EndProject
Project("{9A19103F-16F7-4668-BE54-9A1E7A4F7556}") = "R5T.T0200", "..\..\R5T.T0200\source\R5T.T0200\R5T.T0200.csproj", "{3BCF632D-801F-4B03-9D4F-DFBFB4E7B734}"
EndProject
Project("{9A19103F-16F7-4668-BE54-9A1E7A4F7556}") = "R5T.T0214.Z001", "..\..\R5T.T0214\source\R5T.T0214.Z001\R5T.T0214.Z001.csproj", "{37432FC9-3F64-48FA-AC76-CDE9BA83DAF8}"
EndProject
Project("{9A19103F-16F7-4668-BE54-9A1E7A4F7556}") = "R5T.T0214", "..\..\R5T.T0214\source\R5T.T0214\R5T.T0214.csproj", "{9F45C0EF-8B64-41AD-B511-230654C68944}"
EndProject
Project("{9A19103F-16F7-4668-BE54-9A1E7A4F7556}") = "R5T.T0215.Z000", "..\..\R5T.T0215\source\R5T.T0215.Z000\R5T.T0215.Z000.csproj", "{B34118B2-CFDE-48B7-9270-129062DAA1A2}"
EndProject
Project("{9A19103F-16F7-4668-BE54-9A1E7A4F7556}") = "R5T.T0215", "..\..\R5T.T0215\source\R5T.T0215\R5T.T0215.csproj", "{DBBD77C2-85AE-42DD-96F0-79CD4EDF4EEA}"
EndProject
Project("{9A19103F-16F7-4668-BE54-9A1E7A4F7556}") = "R5T.T0216.F001", "..\..\R5T.T0216\source\R5T.T0216.F001\R5T.T0216.F001.csproj", "{3C0D531A-9F74-4F41-87DB-A996EB69FF3A}"
EndProject
Project("{9A19103F-16F7-4668-BE54-9A1E7A4F7556}") = "R5T.T0216", "..\..\R5T.T0216\source\R5T.T0216\R5T.T0216.csproj", "{452948C6-674E-4414-8D94-B72F220DEF01}"
EndProject
Project("{9A19103F-16F7-4668-BE54-9A1E7A4F7556}") = "R5T.T0217.F001", "..\..\R5T.T0217\source\R5T.T0217.F001\R5T.T0217.F001.csproj", "{4DE40320-E813-4AC4-A1F7-496E99D92EC4}"
EndProject
Project("{9A19103F-16F7-4668-BE54-9A1E7A4F7556}") = "R5T.T0217", "..\..\R5T.T0217\source\R5T.T0217\R5T.T0217.csproj", "{A88F2C85-2C81-4D3A-A4E6-46BE44DBC1FB}"
EndProject
Project("{9A19103F-16F7-4668-BE54-9A1E7A4F7556}") = "R5T.T0224", "..\..\R5T.T0224\source\R5T.T0224\R5T.T0224.csproj", "{2C4A7AC4-9E8F-4B38-97FB-4B8DD519B7BD}"
EndProject
Project("{9A19103F-16F7-4668-BE54-9A1E7A4F7556}") = "R5T.Z0012", "..\..\R5T.Z0012\source\R5T.Z0012\R5T.Z0012.csproj", "{F13DAED1-2225-4D64-8D4D-BB53841377F5}"
EndProject
Project("{9A19103F-16F7-4668-BE54-9A1E7A4F7556}") = "R5T.Z0044.Z000", "..\..\R5T.Z0044\source\R5T.Z0044.Z000\R5T.Z0044.Z000.csproj", "{B57ECFAD-33CF-470A-89A4-B98CE818067A}"
EndProject
Project("{9A19103F-16F7-4668-BE54-9A1E7A4F7556}") = "R5T.Z0046.Platform", "..\..\R5T.Z0046\source\R5T.Z0046.Platform\R5T.Z0046.Platform.csproj", "{B239B33C-8C2D-4875-AA2A-EE3EB97D2102}"
EndProject
Project("{9A19103F-16F7-4668-BE54-9A1E7A4F7556}") = "R5T.Z0046", "..\..\R5T.Z0046\source\R5T.Z0046\R5T.Z0046.csproj", "{87AA4118-CAD6-4B66-ABEB-42CDA644035F}"
EndProject
Project("{9A19103F-16F7-4668-BE54-9A1E7A4F7556}") = "R5T.Z0063.Platform", "..\..\R5T.Z0063\source\R5T.Z0063.Platform\R5T.Z0063.Platform.csproj", "{FE0F6C1F-7FA2-4653-9C2A-57BDCB00FA0A}"
EndProject
Project("{9A19103F-16F7-4668-BE54-9A1E7A4F7556}") = "R5T.Z0063", "..\..\R5T.Z0063\source\R5T.Z0063\R5T.Z0063.csproj", "{980F2062-A6AC-424D-ADD2-5547E7947154}"
EndProject
Project("{9A19103F-16F7-4668-BE54-9A1E7A4F7556}") = "R5T.L0075.F000", "R5T.L0075.F000\R5T.L0075.F000.csproj", "{A56E83C0-9171-4E2C-AB07-7C870F04FFB7}"
EndProject
Project("{9A19103F-16F7-4668-BE54-9A1E7A4F7556}") = "R5T.L0075.O002", "R5T.L0075.O002\R5T.L0075.O002.csproj", "{45250500-9B9E-42DE-8564-0CD12F25EC05}"
EndProject
Project("{9A19103F-16F7-4668-BE54-9A1E7A4F7556}") = "R5T.T0137", "..\..\R5T.T0137\source\R5T.T0137\R5T.T0137.csproj", "{70FC2E7C-87CD-4076-9C00-C3CB0C25C6C7}"
EndProject
Project("{9A19103F-16F7-4668-BE54-9A1E7A4F7556}") = "R5T.T0239", "..\..\R5T.T0239\source\R5T.T0239\R5T.T0239.csproj", "{A3739AB8-FB4A-483B-84CE-B71E55BA5E0E}"
EndProject
Global
	GlobalSection(NestedProjects) = preSolution
		{E200DB29-9A0F-4FA1-BEB2-F90FF6E59594} = {F58C2970-67C0-4B7C-8380-023755660195}
		{FCE59D64-4E4D-4BEE-AF43-32D8DEC875FF} = {F58C2970-67C0-4B7C-8380-023755660195}
		{CF713F57-913C-498F-96C6-40D6F513E603} = {F58C2970-67C0-4B7C-8380-023755660195}
		{2A6CC81F-48D4-4F9C-9D73-C939B45B6AA0} = {F58C2970-67C0-4B7C-8380-023755660195}
		{8FD9824E-074B-48E5-B3AE-E3AB078F6D52} = {F58C2970-67C0-4B7C-8380-023755660195}
		{738CAF4D-3A74-4A29-8FC7-5CAF46F911D8} = {F58C2970-67C0-4B7C-8380-023755660195}
		{F048C910-C708-4ABC-8248-56E0E2A6CA22} = {F58C2970-67C0-4B7C-8380-023755660195}
		{27024B38-EBA8-49A0-8DE7-1D2368012FF1} = {F58C2970-67C0-4B7C-8380-023755660195}
		{4F227160-C6A7-4119-B3EB-306181F9CB75} = {F58C2970-67C0-4B7C-8380-023755660195}
		{3D6F38EE-FE5A-4272-99D4-9A7D17EBC85E} = {F58C2970-67C0-4B7C-8380-023755660195}
		{0FE8EE04-4903-4E59-B270-C14DE2069EF7} = {F58C2970-67C0-4B7C-8380-023755660195}
		{EFEEC0B5-CEAB-49B6-B18E-CF179C18CFE8} = {F58C2970-67C0-4B7C-8380-023755660195}
		{42A8CE3D-559D-4179-A534-BAC3CC760F32} = {F58C2970-67C0-4B7C-8380-023755660195}
		{F0A94BB9-B80B-4257-9D3D-44CC87F936DF} = {F58C2970-67C0-4B7C-8380-023755660195}
		{A99F7242-DA14-45C4-AA86-4C38FE1E8AAC} = {F58C2970-67C0-4B7C-8380-023755660195}
		{C56A0352-D0B6-4549-BBBB-AC6A68E79077} = {F58C2970-67C0-4B7C-8380-023755660195}
		{DF78A9B1-4896-440D-852F-630B5F2F24BF} = {F58C2970-67C0-4B7C-8380-023755660195}
		{D7942B03-F16F-41DF-9366-3AB5BB29BA77} = {F58C2970-67C0-4B7C-8380-023755660195}
		{6A2FD315-F750-4788-9057-C8581206F7CA} = {F58C2970-67C0-4B7C-8380-023755660195}
		{867F35D5-7F32-47F7-A7DA-339A625634EE} = {F58C2970-67C0-4B7C-8380-023755660195}
		{4B47D8AD-26C7-4A0C-BBCB-CF0FB9F8845E} = {F58C2970-67C0-4B7C-8380-023755660195}
		{40E2C255-1651-48E5-81DF-368835DCD466} = {F58C2970-67C0-4B7C-8380-023755660195}
		{8E1E3B39-7604-4FCE-962C-467654F2E6B1} = {F58C2970-67C0-4B7C-8380-023755660195}
		{05608995-A650-4F7D-8939-610B721C81AF} = {F58C2970-67C0-4B7C-8380-023755660195}
		{F4F8D745-DD85-400B-9B2E-EA321EA29654} = {F58C2970-67C0-4B7C-8380-023755660195}
		{DF114308-5BF1-46E1-9CCD-AD622ED86EB2} = {F58C2970-67C0-4B7C-8380-023755660195}
		{36BB1D0E-4E9C-4644-BBFA-CFDE21FD1FF0} = {F58C2970-67C0-4B7C-8380-023755660195}
		{6404B91C-E959-4F95-8504-E107F4B8EF1B} = {F58C2970-67C0-4B7C-8380-023755660195}
		{CCB22BF7-1495-4F32-8AE0-6263B26904C2} = {F58C2970-67C0-4B7C-8380-023755660195}
		{1D5C894D-61C1-4910-82B9-5130DEF3FE45} = {F58C2970-67C0-4B7C-8380-023755660195}
		{3CEA844A-D9DF-4A17-AACD-4D945C19D07F} = {F58C2970-67C0-4B7C-8380-023755660195}
		{8F7DEE49-6440-4425-9600-D5269414DB20} = {F58C2970-67C0-4B7C-8380-023755660195}
		{EBB6DC88-CADE-4D18-9481-CFD59E39332D} = {F58C2970-67C0-4B7C-8380-023755660195}
		{BD49E2C1-DA25-4055-932A-1D072EF0B881} = {F58C2970-67C0-4B7C-8380-023755660195}
		{C038B858-527F-4477-B6BB-17E8D95AAD48} = {F58C2970-67C0-4B7C-8380-023755660195}
		{15A81CA4-AFB9-4D29-A031-50B8D8FAAA23} = {F58C2970-67C0-4B7C-8380-023755660195}
		{D871E24A-A441-497D-8F87-F5B1A7C099A0} = {F58C2970-67C0-4B7C-8380-023755660195}
		{3C34FE46-49F7-49E4-B8A6-C9FF57967785} = {F58C2970-67C0-4B7C-8380-023755660195}
		{26ACF9FA-38A8-40E4-83A5-68DAC927B917} = {F58C2970-67C0-4B7C-8380-023755660195}
		{04C6C343-4412-4310-BBDE-56503586C705} = {F58C2970-67C0-4B7C-8380-023755660195}
		{C6F5FE24-52C2-471C-ABE4-0F636FEF7810} = {F58C2970-67C0-4B7C-8380-023755660195}
		{BF5E011D-DDC2-4881-82E7-E368C5B60F9B} = {F58C2970-67C0-4B7C-8380-023755660195}
		{99153CD4-7338-4D58-AF46-42F460D58352} = {F58C2970-67C0-4B7C-8380-023755660195}
		{4286F9D6-4CF5-449E-B343-FB3C9BBE5103} = {F58C2970-67C0-4B7C-8380-023755660195}
		{01E49DAD-4BAA-43E2-B623-80343E26E701} = {F58C2970-67C0-4B7C-8380-023755660195}
		{046B391A-B195-4D98-9347-759D542BF41C} = {F58C2970-67C0-4B7C-8380-023755660195}
		{0202C35D-57D7-4674-AAC3-1FB85E4511F5} = {F58C2970-67C0-4B7C-8380-023755660195}
		{340728E8-9834-4522-8D5B-52EC2A030DDC} = {F58C2970-67C0-4B7C-8380-023755660195}
		{D2213F4E-E068-4E21-B334-41A32D0A3C8D} = {F58C2970-67C0-4B7C-8380-023755660195}
		{0C805BEC-DECC-4697-8F8E-BA8290FD3CA4} = {F58C2970-67C0-4B7C-8380-023755660195}
		{DEB2BB3D-C904-4893-AFC3-4952EA0553D8} = {F58C2970-67C0-4B7C-8380-023755660195}
		{68406AD5-844D-40EC-90E0-F3B15A339582} = {F58C2970-67C0-4B7C-8380-023755660195}
		{5F9B878A-C15C-4500-B4DB-2F2A6601C428} = {F58C2970-67C0-4B7C-8380-023755660195}
		{21763F21-96FB-4B8A-9FB0-EADB95BDCCD4} = {F58C2970-67C0-4B7C-8380-023755660195}
		{C56230A1-66D9-45DF-BBD0-98ACAD5596E2} = {F58C2970-67C0-4B7C-8380-023755660195}
		{6F92F78E-F335-4313-AF21-BBA6EE82E106} = {F58C2970-67C0-4B7C-8380-023755660195}
		{6D52B415-FF78-4EFB-BB76-2C63ED46DC38} = {F58C2970-67C0-4B7C-8380-023755660195}
		{DAC6E43E-76D4-4B04-8E99-05A23DE3E9C6} = {F58C2970-67C0-4B7C-8380-023755660195}
		{3D29402F-40CC-43A1-B94B-A22BD728FDE2} = {F58C2970-67C0-4B7C-8380-023755660195}
		{20D640AA-C07A-4B32-B322-40421F0C0D1E} = {F58C2970-67C0-4B7C-8380-023755660195}
		{522BEF58-CE23-4030-BAE6-D4C74D7B3D52} = {F58C2970-67C0-4B7C-8380-023755660195}
		{C451A62A-D8B3-4703-BA88-992AFD61BAC2} = {F58C2970-67C0-4B7C-8380-023755660195}
		{48CD3B33-E405-4F85-8FB4-AE31EA2C9CB9} = {F58C2970-67C0-4B7C-8380-023755660195}
		{EC91D7E6-5704-42D2-B997-2BE6830BC0CB} = {F58C2970-67C0-4B7C-8380-023755660195}
		{A817DAA9-5531-4782-AF1B-A4BC1A3690C3} = {F58C2970-67C0-4B7C-8380-023755660195}
		{13B735FE-A4A0-4097-83AB-BCCF3C0803F4} = {F58C2970-67C0-4B7C-8380-023755660195}
		{8E479074-2FE7-41F5-8020-FF21908006C2} = {F58C2970-67C0-4B7C-8380-023755660195}
		{7D6BC597-42C6-489B-B8FC-1B0545414A85} = {F58C2970-67C0-4B7C-8380-023755660195}
		{843FC2A5-4506-4BDF-B087-39EEC96AC34A} = {F58C2970-67C0-4B7C-8380-023755660195}
		{47DA2179-1D46-4938-A7F6-9252C7115B5C} = {F58C2970-67C0-4B7C-8380-023755660195}
		{6CD9F7AB-C82B-4C29-B208-F537044D41F7} = {F58C2970-67C0-4B7C-8380-023755660195}
		{97E0C5AD-802E-4D71-932B-5AF52B43011B} = {F58C2970-67C0-4B7C-8380-023755660195}
		{400393DE-DE8D-4512-B3B6-A8E915F677F1} = {F58C2970-67C0-4B7C-8380-023755660195}
		{BB82F066-1A4C-4488-BA4F-7E3F174A2EFC} = {F58C2970-67C0-4B7C-8380-023755660195}
		{1D26CB16-247E-411F-A3D8-63437BC230D7} = {F58C2970-67C0-4B7C-8380-023755660195}
		{171A228D-78B8-459B-B0EE-9F11B13EA3BD} = {F58C2970-67C0-4B7C-8380-023755660195}
		{1F08AFFC-E3AD-479D-8C27-DEFC33488D95} = {F58C2970-67C0-4B7C-8380-023755660195}
		{95815B15-DC9F-4DED-B428-620A5A9FD4A4} = {F58C2970-67C0-4B7C-8380-023755660195}
		{B843B422-A5E6-4FA6-A184-210136B6DAB0} = {F58C2970-67C0-4B7C-8380-023755660195}
		{12EFCBFA-436A-42B0-97AC-C07250FF0C1D} = {F58C2970-67C0-4B7C-8380-023755660195}
		{A382A77F-D83E-4B95-9FD7-75579C4F44AD} = {F58C2970-67C0-4B7C-8380-023755660195}
		{39791834-14F3-4CCF-A8A2-512057481919} = {F58C2970-67C0-4B7C-8380-023755660195}
		{3C4937D3-D20B-47E8-A663-D2EC16A9D5C4} = {F58C2970-67C0-4B7C-8380-023755660195}
		{0225F917-3C54-4461-BAA6-632B6378FE21} = {F58C2970-67C0-4B7C-8380-023755660195}
		{98C6306D-28F6-4818-A521-08F3D026665A} = {F58C2970-67C0-4B7C-8380-023755660195}
		{224FD7CD-B222-4E17-8ADC-632BC0B6002C} = {F58C2970-67C0-4B7C-8380-023755660195}
		{2A03EDF2-3165-417F-8EC5-E260A7329673} = {F58C2970-67C0-4B7C-8380-023755660195}
		{9CA090C0-A468-490A-A129-4F9C65BAE325} = {F58C2970-67C0-4B7C-8380-023755660195}
		{A6BE5CD8-606C-40C9-8DC8-B2A98B7D6EFF} = {F58C2970-67C0-4B7C-8380-023755660195}
		{3BCF632D-801F-4B03-9D4F-DFBFB4E7B734} = {F58C2970-67C0-4B7C-8380-023755660195}
		{37432FC9-3F64-48FA-AC76-CDE9BA83DAF8} = {F58C2970-67C0-4B7C-8380-023755660195}
		{9F45C0EF-8B64-41AD-B511-230654C68944} = {F58C2970-67C0-4B7C-8380-023755660195}
		{B34118B2-CFDE-48B7-9270-129062DAA1A2} = {F58C2970-67C0-4B7C-8380-023755660195}
		{DBBD77C2-85AE-42DD-96F0-79CD4EDF4EEA} = {F58C2970-67C0-4B7C-8380-023755660195}
		{3C0D531A-9F74-4F41-87DB-A996EB69FF3A} = {F58C2970-67C0-4B7C-8380-023755660195}
		{452948C6-674E-4414-8D94-B72F220DEF01} = {F58C2970-67C0-4B7C-8380-023755660195}
		{4DE40320-E813-4AC4-A1F7-496E99D92EC4} = {F58C2970-67C0-4B7C-8380-023755660195}
		{A88F2C85-2C81-4D3A-A4E6-46BE44DBC1FB} = {F58C2970-67C0-4B7C-8380-023755660195}
		{2C4A7AC4-9E8F-4B38-97FB-4B8DD519B7BD} = {F58C2970-67C0-4B7C-8380-023755660195}
		{F13DAED1-2225-4D64-8D4D-BB53841377F5} = {F58C2970-67C0-4B7C-8380-023755660195}
		{B57ECFAD-33CF-470A-89A4-B98CE818067A} = {F58C2970-67C0-4B7C-8380-023755660195}
		{B239B33C-8C2D-4875-AA2A-EE3EB97D2102} = {F58C2970-67C0-4B7C-8380-023755660195}
		{87AA4118-CAD6-4B66-ABEB-42CDA644035F} = {F58C2970-67C0-4B7C-8380-023755660195}
		{FE0F6C1F-7FA2-4653-9C2A-57BDCB00FA0A} = {F58C2970-67C0-4B7C-8380-023755660195}
		{980F2062-A6AC-424D-ADD2-5547E7947154} = {F58C2970-67C0-4B7C-8380-023755660195}
		{70FC2E7C-87CD-4076-9C00-C3CB0C25C6C7} = {F58C2970-67C0-4B7C-8380-023755660195}
		{A3739AB8-FB4A-483B-84CE-B71E55BA5E0E} = {F58C2970-67C0-4B7C-8380-023755660195}
	EndGlobalSection
	GlobalSection(SolutionConfigurationPlatforms) = preSolution
		Debug|Any CPU = Debug|Any CPU
		Release|Any CPU = Release|Any CPU
	EndGlobalSection
	GlobalSection(ProjectConfigurationPlatforms) = postSolution
		{331A1A7F-561B-4B86-97FA-78B6F353A002}.Debug|Any CPU.ActiveCfg = Debug|Any CPU
		{331A1A7F-561B-4B86-97FA-78B6F353A002}.Debug|Any CPU.Build.0 = Debug|Any CPU
		{331A1A7F-561B-4B86-97FA-78B6F353A002}.Release|Any CPU.ActiveCfg = Release|Any CPU
		{331A1A7F-561B-4B86-97FA-78B6F353A002}.Release|Any CPU.Build.0 = Release|Any CPU
		{F262B518-A02E-42E3-8CC3-54354A4B4999}.Debug|Any CPU.ActiveCfg = Debug|Any CPU
		{F262B518-A02E-42E3-8CC3-54354A4B4999}.Debug|Any CPU.Build.0 = Debug|Any CPU
		{F262B518-A02E-42E3-8CC3-54354A4B4999}.Release|Any CPU.ActiveCfg = Release|Any CPU
		{F262B518-A02E-42E3-8CC3-54354A4B4999}.Release|Any CPU.Build.0 = Release|Any CPU
		{3CF51842-4573-4429-A92D-60D40D0FC687}.Debug|Any CPU.ActiveCfg = Debug|Any CPU
		{3CF51842-4573-4429-A92D-60D40D0FC687}.Debug|Any CPU.Build.0 = Debug|Any CPU
		{3CF51842-4573-4429-A92D-60D40D0FC687}.Release|Any CPU.ActiveCfg = Release|Any CPU
		{3CF51842-4573-4429-A92D-60D40D0FC687}.Release|Any CPU.Build.0 = Release|Any CPU
		{E200DB29-9A0F-4FA1-BEB2-F90FF6E59594}.Debug|Any CPU.ActiveCfg = Debug|Any CPU
		{E200DB29-9A0F-4FA1-BEB2-F90FF6E59594}.Debug|Any CPU.Build.0 = Debug|Any CPU
		{E200DB29-9A0F-4FA1-BEB2-F90FF6E59594}.Release|Any CPU.ActiveCfg = Release|Any CPU
		{E200DB29-9A0F-4FA1-BEB2-F90FF6E59594}.Release|Any CPU.Build.0 = Release|Any CPU
		{FCE59D64-4E4D-4BEE-AF43-32D8DEC875FF}.Debug|Any CPU.ActiveCfg = Debug|Any CPU
		{FCE59D64-4E4D-4BEE-AF43-32D8DEC875FF}.Debug|Any CPU.Build.0 = Debug|Any CPU
		{FCE59D64-4E4D-4BEE-AF43-32D8DEC875FF}.Release|Any CPU.ActiveCfg = Release|Any CPU
		{FCE59D64-4E4D-4BEE-AF43-32D8DEC875FF}.Release|Any CPU.Build.0 = Release|Any CPU
		{CF713F57-913C-498F-96C6-40D6F513E603}.Debug|Any CPU.ActiveCfg = Debug|Any CPU
		{CF713F57-913C-498F-96C6-40D6F513E603}.Debug|Any CPU.Build.0 = Debug|Any CPU
		{CF713F57-913C-498F-96C6-40D6F513E603}.Release|Any CPU.ActiveCfg = Release|Any CPU
		{CF713F57-913C-498F-96C6-40D6F513E603}.Release|Any CPU.Build.0 = Release|Any CPU
		{2A6CC81F-48D4-4F9C-9D73-C939B45B6AA0}.Debug|Any CPU.ActiveCfg = Debug|Any CPU
		{2A6CC81F-48D4-4F9C-9D73-C939B45B6AA0}.Debug|Any CPU.Build.0 = Debug|Any CPU
		{2A6CC81F-48D4-4F9C-9D73-C939B45B6AA0}.Release|Any CPU.ActiveCfg = Release|Any CPU
		{2A6CC81F-48D4-4F9C-9D73-C939B45B6AA0}.Release|Any CPU.Build.0 = Release|Any CPU
		{8FD9824E-074B-48E5-B3AE-E3AB078F6D52}.Debug|Any CPU.ActiveCfg = Debug|Any CPU
		{8FD9824E-074B-48E5-B3AE-E3AB078F6D52}.Debug|Any CPU.Build.0 = Debug|Any CPU
		{8FD9824E-074B-48E5-B3AE-E3AB078F6D52}.Release|Any CPU.ActiveCfg = Release|Any CPU
		{8FD9824E-074B-48E5-B3AE-E3AB078F6D52}.Release|Any CPU.Build.0 = Release|Any CPU
		{738CAF4D-3A74-4A29-8FC7-5CAF46F911D8}.Debug|Any CPU.ActiveCfg = Debug|Any CPU
		{738CAF4D-3A74-4A29-8FC7-5CAF46F911D8}.Debug|Any CPU.Build.0 = Debug|Any CPU
		{738CAF4D-3A74-4A29-8FC7-5CAF46F911D8}.Release|Any CPU.ActiveCfg = Release|Any CPU
		{738CAF4D-3A74-4A29-8FC7-5CAF46F911D8}.Release|Any CPU.Build.0 = Release|Any CPU
		{F048C910-C708-4ABC-8248-56E0E2A6CA22}.Debug|Any CPU.ActiveCfg = Debug|Any CPU
		{F048C910-C708-4ABC-8248-56E0E2A6CA22}.Debug|Any CPU.Build.0 = Debug|Any CPU
		{F048C910-C708-4ABC-8248-56E0E2A6CA22}.Release|Any CPU.ActiveCfg = Release|Any CPU
		{F048C910-C708-4ABC-8248-56E0E2A6CA22}.Release|Any CPU.Build.0 = Release|Any CPU
		{27024B38-EBA8-49A0-8DE7-1D2368012FF1}.Debug|Any CPU.ActiveCfg = Debug|Any CPU
		{27024B38-EBA8-49A0-8DE7-1D2368012FF1}.Debug|Any CPU.Build.0 = Debug|Any CPU
		{27024B38-EBA8-49A0-8DE7-1D2368012FF1}.Release|Any CPU.ActiveCfg = Release|Any CPU
		{27024B38-EBA8-49A0-8DE7-1D2368012FF1}.Release|Any CPU.Build.0 = Release|Any CPU
		{4F227160-C6A7-4119-B3EB-306181F9CB75}.Debug|Any CPU.ActiveCfg = Debug|Any CPU
		{4F227160-C6A7-4119-B3EB-306181F9CB75}.Debug|Any CPU.Build.0 = Debug|Any CPU
		{4F227160-C6A7-4119-B3EB-306181F9CB75}.Release|Any CPU.ActiveCfg = Release|Any CPU
		{4F227160-C6A7-4119-B3EB-306181F9CB75}.Release|Any CPU.Build.0 = Release|Any CPU
		{3D6F38EE-FE5A-4272-99D4-9A7D17EBC85E}.Debug|Any CPU.ActiveCfg = Debug|Any CPU
		{3D6F38EE-FE5A-4272-99D4-9A7D17EBC85E}.Debug|Any CPU.Build.0 = Debug|Any CPU
		{3D6F38EE-FE5A-4272-99D4-9A7D17EBC85E}.Release|Any CPU.ActiveCfg = Release|Any CPU
		{3D6F38EE-FE5A-4272-99D4-9A7D17EBC85E}.Release|Any CPU.Build.0 = Release|Any CPU
		{0FE8EE04-4903-4E59-B270-C14DE2069EF7}.Debug|Any CPU.ActiveCfg = Debug|Any CPU
		{0FE8EE04-4903-4E59-B270-C14DE2069EF7}.Debug|Any CPU.Build.0 = Debug|Any CPU
		{0FE8EE04-4903-4E59-B270-C14DE2069EF7}.Release|Any CPU.ActiveCfg = Release|Any CPU
		{0FE8EE04-4903-4E59-B270-C14DE2069EF7}.Release|Any CPU.Build.0 = Release|Any CPU
		{EFEEC0B5-CEAB-49B6-B18E-CF179C18CFE8}.Debug|Any CPU.ActiveCfg = Debug|Any CPU
		{EFEEC0B5-CEAB-49B6-B18E-CF179C18CFE8}.Debug|Any CPU.Build.0 = Debug|Any CPU
		{EFEEC0B5-CEAB-49B6-B18E-CF179C18CFE8}.Release|Any CPU.ActiveCfg = Release|Any CPU
		{EFEEC0B5-CEAB-49B6-B18E-CF179C18CFE8}.Release|Any CPU.Build.0 = Release|Any CPU
		{42A8CE3D-559D-4179-A534-BAC3CC760F32}.Debug|Any CPU.ActiveCfg = Debug|Any CPU
		{42A8CE3D-559D-4179-A534-BAC3CC760F32}.Debug|Any CPU.Build.0 = Debug|Any CPU
		{42A8CE3D-559D-4179-A534-BAC3CC760F32}.Release|Any CPU.ActiveCfg = Release|Any CPU
		{42A8CE3D-559D-4179-A534-BAC3CC760F32}.Release|Any CPU.Build.0 = Release|Any CPU
		{F0A94BB9-B80B-4257-9D3D-44CC87F936DF}.Debug|Any CPU.ActiveCfg = Debug|Any CPU
		{F0A94BB9-B80B-4257-9D3D-44CC87F936DF}.Debug|Any CPU.Build.0 = Debug|Any CPU
		{F0A94BB9-B80B-4257-9D3D-44CC87F936DF}.Release|Any CPU.ActiveCfg = Release|Any CPU
		{F0A94BB9-B80B-4257-9D3D-44CC87F936DF}.Release|Any CPU.Build.0 = Release|Any CPU
		{A99F7242-DA14-45C4-AA86-4C38FE1E8AAC}.Debug|Any CPU.ActiveCfg = Debug|Any CPU
		{A99F7242-DA14-45C4-AA86-4C38FE1E8AAC}.Debug|Any CPU.Build.0 = Debug|Any CPU
		{A99F7242-DA14-45C4-AA86-4C38FE1E8AAC}.Release|Any CPU.ActiveCfg = Release|Any CPU
		{A99F7242-DA14-45C4-AA86-4C38FE1E8AAC}.Release|Any CPU.Build.0 = Release|Any CPU
		{C56A0352-D0B6-4549-BBBB-AC6A68E79077}.Debug|Any CPU.ActiveCfg = Debug|Any CPU
		{C56A0352-D0B6-4549-BBBB-AC6A68E79077}.Debug|Any CPU.Build.0 = Debug|Any CPU
		{C56A0352-D0B6-4549-BBBB-AC6A68E79077}.Release|Any CPU.ActiveCfg = Release|Any CPU
		{C56A0352-D0B6-4549-BBBB-AC6A68E79077}.Release|Any CPU.Build.0 = Release|Any CPU
		{DF78A9B1-4896-440D-852F-630B5F2F24BF}.Debug|Any CPU.ActiveCfg = Debug|Any CPU
		{DF78A9B1-4896-440D-852F-630B5F2F24BF}.Debug|Any CPU.Build.0 = Debug|Any CPU
		{DF78A9B1-4896-440D-852F-630B5F2F24BF}.Release|Any CPU.ActiveCfg = Release|Any CPU
		{DF78A9B1-4896-440D-852F-630B5F2F24BF}.Release|Any CPU.Build.0 = Release|Any CPU
		{D7942B03-F16F-41DF-9366-3AB5BB29BA77}.Debug|Any CPU.ActiveCfg = Debug|Any CPU
		{D7942B03-F16F-41DF-9366-3AB5BB29BA77}.Debug|Any CPU.Build.0 = Debug|Any CPU
		{D7942B03-F16F-41DF-9366-3AB5BB29BA77}.Release|Any CPU.ActiveCfg = Release|Any CPU
		{D7942B03-F16F-41DF-9366-3AB5BB29BA77}.Release|Any CPU.Build.0 = Release|Any CPU
		{6A2FD315-F750-4788-9057-C8581206F7CA}.Debug|Any CPU.ActiveCfg = Debug|Any CPU
		{6A2FD315-F750-4788-9057-C8581206F7CA}.Debug|Any CPU.Build.0 = Debug|Any CPU
		{6A2FD315-F750-4788-9057-C8581206F7CA}.Release|Any CPU.ActiveCfg = Release|Any CPU
		{6A2FD315-F750-4788-9057-C8581206F7CA}.Release|Any CPU.Build.0 = Release|Any CPU
		{867F35D5-7F32-47F7-A7DA-339A625634EE}.Debug|Any CPU.ActiveCfg = Debug|Any CPU
		{867F35D5-7F32-47F7-A7DA-339A625634EE}.Debug|Any CPU.Build.0 = Debug|Any CPU
		{867F35D5-7F32-47F7-A7DA-339A625634EE}.Release|Any CPU.ActiveCfg = Release|Any CPU
		{867F35D5-7F32-47F7-A7DA-339A625634EE}.Release|Any CPU.Build.0 = Release|Any CPU
		{4B47D8AD-26C7-4A0C-BBCB-CF0FB9F8845E}.Debug|Any CPU.ActiveCfg = Debug|Any CPU
		{4B47D8AD-26C7-4A0C-BBCB-CF0FB9F8845E}.Debug|Any CPU.Build.0 = Debug|Any CPU
		{4B47D8AD-26C7-4A0C-BBCB-CF0FB9F8845E}.Release|Any CPU.ActiveCfg = Release|Any CPU
		{4B47D8AD-26C7-4A0C-BBCB-CF0FB9F8845E}.Release|Any CPU.Build.0 = Release|Any CPU
		{40E2C255-1651-48E5-81DF-368835DCD466}.Debug|Any CPU.ActiveCfg = Debug|Any CPU
		{40E2C255-1651-48E5-81DF-368835DCD466}.Debug|Any CPU.Build.0 = Debug|Any CPU
		{40E2C255-1651-48E5-81DF-368835DCD466}.Release|Any CPU.ActiveCfg = Release|Any CPU
		{40E2C255-1651-48E5-81DF-368835DCD466}.Release|Any CPU.Build.0 = Release|Any CPU
		{8E1E3B39-7604-4FCE-962C-467654F2E6B1}.Debug|Any CPU.ActiveCfg = Debug|Any CPU
		{8E1E3B39-7604-4FCE-962C-467654F2E6B1}.Debug|Any CPU.Build.0 = Debug|Any CPU
		{8E1E3B39-7604-4FCE-962C-467654F2E6B1}.Release|Any CPU.ActiveCfg = Release|Any CPU
		{8E1E3B39-7604-4FCE-962C-467654F2E6B1}.Release|Any CPU.Build.0 = Release|Any CPU
		{05608995-A650-4F7D-8939-610B721C81AF}.Debug|Any CPU.ActiveCfg = Debug|Any CPU
		{05608995-A650-4F7D-8939-610B721C81AF}.Debug|Any CPU.Build.0 = Debug|Any CPU
		{05608995-A650-4F7D-8939-610B721C81AF}.Release|Any CPU.ActiveCfg = Release|Any CPU
		{05608995-A650-4F7D-8939-610B721C81AF}.Release|Any CPU.Build.0 = Release|Any CPU
		{F4F8D745-DD85-400B-9B2E-EA321EA29654}.Debug|Any CPU.ActiveCfg = Debug|Any CPU
		{F4F8D745-DD85-400B-9B2E-EA321EA29654}.Debug|Any CPU.Build.0 = Debug|Any CPU
		{F4F8D745-DD85-400B-9B2E-EA321EA29654}.Release|Any CPU.ActiveCfg = Release|Any CPU
		{F4F8D745-DD85-400B-9B2E-EA321EA29654}.Release|Any CPU.Build.0 = Release|Any CPU
		{DF114308-5BF1-46E1-9CCD-AD622ED86EB2}.Debug|Any CPU.ActiveCfg = Debug|Any CPU
		{DF114308-5BF1-46E1-9CCD-AD622ED86EB2}.Debug|Any CPU.Build.0 = Debug|Any CPU
		{DF114308-5BF1-46E1-9CCD-AD622ED86EB2}.Release|Any CPU.ActiveCfg = Release|Any CPU
		{DF114308-5BF1-46E1-9CCD-AD622ED86EB2}.Release|Any CPU.Build.0 = Release|Any CPU
		{36BB1D0E-4E9C-4644-BBFA-CFDE21FD1FF0}.Debug|Any CPU.ActiveCfg = Debug|Any CPU
		{36BB1D0E-4E9C-4644-BBFA-CFDE21FD1FF0}.Debug|Any CPU.Build.0 = Debug|Any CPU
		{36BB1D0E-4E9C-4644-BBFA-CFDE21FD1FF0}.Release|Any CPU.ActiveCfg = Release|Any CPU
		{36BB1D0E-4E9C-4644-BBFA-CFDE21FD1FF0}.Release|Any CPU.Build.0 = Release|Any CPU
		{6404B91C-E959-4F95-8504-E107F4B8EF1B}.Debug|Any CPU.ActiveCfg = Debug|Any CPU
		{6404B91C-E959-4F95-8504-E107F4B8EF1B}.Debug|Any CPU.Build.0 = Debug|Any CPU
		{6404B91C-E959-4F95-8504-E107F4B8EF1B}.Release|Any CPU.ActiveCfg = Release|Any CPU
		{6404B91C-E959-4F95-8504-E107F4B8EF1B}.Release|Any CPU.Build.0 = Release|Any CPU
		{CCB22BF7-1495-4F32-8AE0-6263B26904C2}.Debug|Any CPU.ActiveCfg = Debug|Any CPU
		{CCB22BF7-1495-4F32-8AE0-6263B26904C2}.Debug|Any CPU.Build.0 = Debug|Any CPU
		{CCB22BF7-1495-4F32-8AE0-6263B26904C2}.Release|Any CPU.ActiveCfg = Release|Any CPU
		{CCB22BF7-1495-4F32-8AE0-6263B26904C2}.Release|Any CPU.Build.0 = Release|Any CPU
		{1D5C894D-61C1-4910-82B9-5130DEF3FE45}.Debug|Any CPU.ActiveCfg = Debug|Any CPU
		{1D5C894D-61C1-4910-82B9-5130DEF3FE45}.Debug|Any CPU.Build.0 = Debug|Any CPU
		{1D5C894D-61C1-4910-82B9-5130DEF3FE45}.Release|Any CPU.ActiveCfg = Release|Any CPU
		{1D5C894D-61C1-4910-82B9-5130DEF3FE45}.Release|Any CPU.Build.0 = Release|Any CPU
		{3CEA844A-D9DF-4A17-AACD-4D945C19D07F}.Debug|Any CPU.ActiveCfg = Debug|Any CPU
		{3CEA844A-D9DF-4A17-AACD-4D945C19D07F}.Debug|Any CPU.Build.0 = Debug|Any CPU
		{3CEA844A-D9DF-4A17-AACD-4D945C19D07F}.Release|Any CPU.ActiveCfg = Release|Any CPU
		{3CEA844A-D9DF-4A17-AACD-4D945C19D07F}.Release|Any CPU.Build.0 = Release|Any CPU
		{8F7DEE49-6440-4425-9600-D5269414DB20}.Debug|Any CPU.ActiveCfg = Debug|Any CPU
		{8F7DEE49-6440-4425-9600-D5269414DB20}.Debug|Any CPU.Build.0 = Debug|Any CPU
		{8F7DEE49-6440-4425-9600-D5269414DB20}.Release|Any CPU.ActiveCfg = Release|Any CPU
		{8F7DEE49-6440-4425-9600-D5269414DB20}.Release|Any CPU.Build.0 = Release|Any CPU
		{EBB6DC88-CADE-4D18-9481-CFD59E39332D}.Debug|Any CPU.ActiveCfg = Debug|Any CPU
		{EBB6DC88-CADE-4D18-9481-CFD59E39332D}.Debug|Any CPU.Build.0 = Debug|Any CPU
		{EBB6DC88-CADE-4D18-9481-CFD59E39332D}.Release|Any CPU.ActiveCfg = Release|Any CPU
		{EBB6DC88-CADE-4D18-9481-CFD59E39332D}.Release|Any CPU.Build.0 = Release|Any CPU
		{BD49E2C1-DA25-4055-932A-1D072EF0B881}.Debug|Any CPU.ActiveCfg = Debug|Any CPU
		{BD49E2C1-DA25-4055-932A-1D072EF0B881}.Debug|Any CPU.Build.0 = Debug|Any CPU
		{BD49E2C1-DA25-4055-932A-1D072EF0B881}.Release|Any CPU.ActiveCfg = Release|Any CPU
		{BD49E2C1-DA25-4055-932A-1D072EF0B881}.Release|Any CPU.Build.0 = Release|Any CPU
		{C038B858-527F-4477-B6BB-17E8D95AAD48}.Debug|Any CPU.ActiveCfg = Debug|Any CPU
		{C038B858-527F-4477-B6BB-17E8D95AAD48}.Debug|Any CPU.Build.0 = Debug|Any CPU
		{C038B858-527F-4477-B6BB-17E8D95AAD48}.Release|Any CPU.ActiveCfg = Release|Any CPU
		{C038B858-527F-4477-B6BB-17E8D95AAD48}.Release|Any CPU.Build.0 = Release|Any CPU
		{15A81CA4-AFB9-4D29-A031-50B8D8FAAA23}.Debug|Any CPU.ActiveCfg = Debug|Any CPU
		{15A81CA4-AFB9-4D29-A031-50B8D8FAAA23}.Debug|Any CPU.Build.0 = Debug|Any CPU
		{15A81CA4-AFB9-4D29-A031-50B8D8FAAA23}.Release|Any CPU.ActiveCfg = Release|Any CPU
		{15A81CA4-AFB9-4D29-A031-50B8D8FAAA23}.Release|Any CPU.Build.0 = Release|Any CPU
		{D871E24A-A441-497D-8F87-F5B1A7C099A0}.Debug|Any CPU.ActiveCfg = Debug|Any CPU
		{D871E24A-A441-497D-8F87-F5B1A7C099A0}.Debug|Any CPU.Build.0 = Debug|Any CPU
		{D871E24A-A441-497D-8F87-F5B1A7C099A0}.Release|Any CPU.ActiveCfg = Release|Any CPU
		{D871E24A-A441-497D-8F87-F5B1A7C099A0}.Release|Any CPU.Build.0 = Release|Any CPU
		{3C34FE46-49F7-49E4-B8A6-C9FF57967785}.Debug|Any CPU.ActiveCfg = Debug|Any CPU
		{3C34FE46-49F7-49E4-B8A6-C9FF57967785}.Debug|Any CPU.Build.0 = Debug|Any CPU
		{3C34FE46-49F7-49E4-B8A6-C9FF57967785}.Release|Any CPU.ActiveCfg = Release|Any CPU
		{3C34FE46-49F7-49E4-B8A6-C9FF57967785}.Release|Any CPU.Build.0 = Release|Any CPU
		{26ACF9FA-38A8-40E4-83A5-68DAC927B917}.Debug|Any CPU.ActiveCfg = Debug|Any CPU
		{26ACF9FA-38A8-40E4-83A5-68DAC927B917}.Debug|Any CPU.Build.0 = Debug|Any CPU
		{26ACF9FA-38A8-40E4-83A5-68DAC927B917}.Release|Any CPU.ActiveCfg = Release|Any CPU
		{26ACF9FA-38A8-40E4-83A5-68DAC927B917}.Release|Any CPU.Build.0 = Release|Any CPU
		{04C6C343-4412-4310-BBDE-56503586C705}.Debug|Any CPU.ActiveCfg = Debug|Any CPU
		{04C6C343-4412-4310-BBDE-56503586C705}.Debug|Any CPU.Build.0 = Debug|Any CPU
		{04C6C343-4412-4310-BBDE-56503586C705}.Release|Any CPU.ActiveCfg = Release|Any CPU
		{04C6C343-4412-4310-BBDE-56503586C705}.Release|Any CPU.Build.0 = Release|Any CPU
		{C6F5FE24-52C2-471C-ABE4-0F636FEF7810}.Debug|Any CPU.ActiveCfg = Debug|Any CPU
		{C6F5FE24-52C2-471C-ABE4-0F636FEF7810}.Debug|Any CPU.Build.0 = Debug|Any CPU
		{C6F5FE24-52C2-471C-ABE4-0F636FEF7810}.Release|Any CPU.ActiveCfg = Release|Any CPU
		{C6F5FE24-52C2-471C-ABE4-0F636FEF7810}.Release|Any CPU.Build.0 = Release|Any CPU
		{BF5E011D-DDC2-4881-82E7-E368C5B60F9B}.Debug|Any CPU.ActiveCfg = Debug|Any CPU
		{BF5E011D-DDC2-4881-82E7-E368C5B60F9B}.Debug|Any CPU.Build.0 = Debug|Any CPU
		{BF5E011D-DDC2-4881-82E7-E368C5B60F9B}.Release|Any CPU.ActiveCfg = Release|Any CPU
		{BF5E011D-DDC2-4881-82E7-E368C5B60F9B}.Release|Any CPU.Build.0 = Release|Any CPU
		{99153CD4-7338-4D58-AF46-42F460D58352}.Debug|Any CPU.ActiveCfg = Debug|Any CPU
		{99153CD4-7338-4D58-AF46-42F460D58352}.Debug|Any CPU.Build.0 = Debug|Any CPU
		{99153CD4-7338-4D58-AF46-42F460D58352}.Release|Any CPU.ActiveCfg = Release|Any CPU
		{99153CD4-7338-4D58-AF46-42F460D58352}.Release|Any CPU.Build.0 = Release|Any CPU
		{4286F9D6-4CF5-449E-B343-FB3C9BBE5103}.Debug|Any CPU.ActiveCfg = Debug|Any CPU
		{4286F9D6-4CF5-449E-B343-FB3C9BBE5103}.Debug|Any CPU.Build.0 = Debug|Any CPU
		{4286F9D6-4CF5-449E-B343-FB3C9BBE5103}.Release|Any CPU.ActiveCfg = Release|Any CPU
		{4286F9D6-4CF5-449E-B343-FB3C9BBE5103}.Release|Any CPU.Build.0 = Release|Any CPU
		{01E49DAD-4BAA-43E2-B623-80343E26E701}.Debug|Any CPU.ActiveCfg = Debug|Any CPU
		{01E49DAD-4BAA-43E2-B623-80343E26E701}.Debug|Any CPU.Build.0 = Debug|Any CPU
		{01E49DAD-4BAA-43E2-B623-80343E26E701}.Release|Any CPU.ActiveCfg = Release|Any CPU
		{01E49DAD-4BAA-43E2-B623-80343E26E701}.Release|Any CPU.Build.0 = Release|Any CPU
		{046B391A-B195-4D98-9347-759D542BF41C}.Debug|Any CPU.ActiveCfg = Debug|Any CPU
		{046B391A-B195-4D98-9347-759D542BF41C}.Debug|Any CPU.Build.0 = Debug|Any CPU
		{046B391A-B195-4D98-9347-759D542BF41C}.Release|Any CPU.ActiveCfg = Release|Any CPU
		{046B391A-B195-4D98-9347-759D542BF41C}.Release|Any CPU.Build.0 = Release|Any CPU
		{0202C35D-57D7-4674-AAC3-1FB85E4511F5}.Debug|Any CPU.ActiveCfg = Debug|Any CPU
		{0202C35D-57D7-4674-AAC3-1FB85E4511F5}.Debug|Any CPU.Build.0 = Debug|Any CPU
		{0202C35D-57D7-4674-AAC3-1FB85E4511F5}.Release|Any CPU.ActiveCfg = Release|Any CPU
		{0202C35D-57D7-4674-AAC3-1FB85E4511F5}.Release|Any CPU.Build.0 = Release|Any CPU
		{340728E8-9834-4522-8D5B-52EC2A030DDC}.Debug|Any CPU.ActiveCfg = Debug|Any CPU
		{340728E8-9834-4522-8D5B-52EC2A030DDC}.Debug|Any CPU.Build.0 = Debug|Any CPU
		{340728E8-9834-4522-8D5B-52EC2A030DDC}.Release|Any CPU.ActiveCfg = Release|Any CPU
		{340728E8-9834-4522-8D5B-52EC2A030DDC}.Release|Any CPU.Build.0 = Release|Any CPU
		{D2213F4E-E068-4E21-B334-41A32D0A3C8D}.Debug|Any CPU.ActiveCfg = Debug|Any CPU
		{D2213F4E-E068-4E21-B334-41A32D0A3C8D}.Debug|Any CPU.Build.0 = Debug|Any CPU
		{D2213F4E-E068-4E21-B334-41A32D0A3C8D}.Release|Any CPU.ActiveCfg = Release|Any CPU
		{D2213F4E-E068-4E21-B334-41A32D0A3C8D}.Release|Any CPU.Build.0 = Release|Any CPU
		{0C805BEC-DECC-4697-8F8E-BA8290FD3CA4}.Debug|Any CPU.ActiveCfg = Debug|Any CPU
		{0C805BEC-DECC-4697-8F8E-BA8290FD3CA4}.Debug|Any CPU.Build.0 = Debug|Any CPU
		{0C805BEC-DECC-4697-8F8E-BA8290FD3CA4}.Release|Any CPU.ActiveCfg = Release|Any CPU
		{0C805BEC-DECC-4697-8F8E-BA8290FD3CA4}.Release|Any CPU.Build.0 = Release|Any CPU
		{DEB2BB3D-C904-4893-AFC3-4952EA0553D8}.Debug|Any CPU.ActiveCfg = Debug|Any CPU
		{DEB2BB3D-C904-4893-AFC3-4952EA0553D8}.Debug|Any CPU.Build.0 = Debug|Any CPU
		{DEB2BB3D-C904-4893-AFC3-4952EA0553D8}.Release|Any CPU.ActiveCfg = Release|Any CPU
		{DEB2BB3D-C904-4893-AFC3-4952EA0553D8}.Release|Any CPU.Build.0 = Release|Any CPU
		{68406AD5-844D-40EC-90E0-F3B15A339582}.Debug|Any CPU.ActiveCfg = Debug|Any CPU
		{68406AD5-844D-40EC-90E0-F3B15A339582}.Debug|Any CPU.Build.0 = Debug|Any CPU
		{68406AD5-844D-40EC-90E0-F3B15A339582}.Release|Any CPU.ActiveCfg = Release|Any CPU
		{68406AD5-844D-40EC-90E0-F3B15A339582}.Release|Any CPU.Build.0 = Release|Any CPU
		{5F9B878A-C15C-4500-B4DB-2F2A6601C428}.Debug|Any CPU.ActiveCfg = Debug|Any CPU
		{5F9B878A-C15C-4500-B4DB-2F2A6601C428}.Debug|Any CPU.Build.0 = Debug|Any CPU
		{5F9B878A-C15C-4500-B4DB-2F2A6601C428}.Release|Any CPU.ActiveCfg = Release|Any CPU
		{5F9B878A-C15C-4500-B4DB-2F2A6601C428}.Release|Any CPU.Build.0 = Release|Any CPU
		{21763F21-96FB-4B8A-9FB0-EADB95BDCCD4}.Debug|Any CPU.ActiveCfg = Debug|Any CPU
		{21763F21-96FB-4B8A-9FB0-EADB95BDCCD4}.Debug|Any CPU.Build.0 = Debug|Any CPU
		{21763F21-96FB-4B8A-9FB0-EADB95BDCCD4}.Release|Any CPU.ActiveCfg = Release|Any CPU
		{21763F21-96FB-4B8A-9FB0-EADB95BDCCD4}.Release|Any CPU.Build.0 = Release|Any CPU
		{C56230A1-66D9-45DF-BBD0-98ACAD5596E2}.Debug|Any CPU.ActiveCfg = Debug|Any CPU
		{C56230A1-66D9-45DF-BBD0-98ACAD5596E2}.Debug|Any CPU.Build.0 = Debug|Any CPU
		{C56230A1-66D9-45DF-BBD0-98ACAD5596E2}.Release|Any CPU.ActiveCfg = Release|Any CPU
		{C56230A1-66D9-45DF-BBD0-98ACAD5596E2}.Release|Any CPU.Build.0 = Release|Any CPU
		{93B753DE-DE29-4E4E-A623-0C8C34AEACF3}.Debug|Any CPU.ActiveCfg = Debug|Any CPU
		{93B753DE-DE29-4E4E-A623-0C8C34AEACF3}.Debug|Any CPU.Build.0 = Debug|Any CPU
		{93B753DE-DE29-4E4E-A623-0C8C34AEACF3}.Release|Any CPU.ActiveCfg = Release|Any CPU
		{93B753DE-DE29-4E4E-A623-0C8C34AEACF3}.Release|Any CPU.Build.0 = Release|Any CPU
		{6F92F78E-F335-4313-AF21-BBA6EE82E106}.Debug|Any CPU.ActiveCfg = Debug|Any CPU
		{6F92F78E-F335-4313-AF21-BBA6EE82E106}.Debug|Any CPU.Build.0 = Debug|Any CPU
		{6F92F78E-F335-4313-AF21-BBA6EE82E106}.Release|Any CPU.ActiveCfg = Release|Any CPU
		{6F92F78E-F335-4313-AF21-BBA6EE82E106}.Release|Any CPU.Build.0 = Release|Any CPU
		{6D52B415-FF78-4EFB-BB76-2C63ED46DC38}.Debug|Any CPU.ActiveCfg = Debug|Any CPU
		{6D52B415-FF78-4EFB-BB76-2C63ED46DC38}.Debug|Any CPU.Build.0 = Debug|Any CPU
		{6D52B415-FF78-4EFB-BB76-2C63ED46DC38}.Release|Any CPU.ActiveCfg = Release|Any CPU
		{6D52B415-FF78-4EFB-BB76-2C63ED46DC38}.Release|Any CPU.Build.0 = Release|Any CPU
		{DAC6E43E-76D4-4B04-8E99-05A23DE3E9C6}.Debug|Any CPU.ActiveCfg = Debug|Any CPU
		{DAC6E43E-76D4-4B04-8E99-05A23DE3E9C6}.Debug|Any CPU.Build.0 = Debug|Any CPU
		{DAC6E43E-76D4-4B04-8E99-05A23DE3E9C6}.Release|Any CPU.ActiveCfg = Release|Any CPU
		{DAC6E43E-76D4-4B04-8E99-05A23DE3E9C6}.Release|Any CPU.Build.0 = Release|Any CPU
		{3D29402F-40CC-43A1-B94B-A22BD728FDE2}.Debug|Any CPU.ActiveCfg = Debug|Any CPU
		{3D29402F-40CC-43A1-B94B-A22BD728FDE2}.Debug|Any CPU.Build.0 = Debug|Any CPU
		{3D29402F-40CC-43A1-B94B-A22BD728FDE2}.Release|Any CPU.ActiveCfg = Release|Any CPU
		{3D29402F-40CC-43A1-B94B-A22BD728FDE2}.Release|Any CPU.Build.0 = Release|Any CPU
		{20D640AA-C07A-4B32-B322-40421F0C0D1E}.Debug|Any CPU.ActiveCfg = Debug|Any CPU
		{20D640AA-C07A-4B32-B322-40421F0C0D1E}.Debug|Any CPU.Build.0 = Debug|Any CPU
		{20D640AA-C07A-4B32-B322-40421F0C0D1E}.Release|Any CPU.ActiveCfg = Release|Any CPU
		{20D640AA-C07A-4B32-B322-40421F0C0D1E}.Release|Any CPU.Build.0 = Release|Any CPU
		{522BEF58-CE23-4030-BAE6-D4C74D7B3D52}.Debug|Any CPU.ActiveCfg = Debug|Any CPU
		{522BEF58-CE23-4030-BAE6-D4C74D7B3D52}.Debug|Any CPU.Build.0 = Debug|Any CPU
		{522BEF58-CE23-4030-BAE6-D4C74D7B3D52}.Release|Any CPU.ActiveCfg = Release|Any CPU
		{522BEF58-CE23-4030-BAE6-D4C74D7B3D52}.Release|Any CPU.Build.0 = Release|Any CPU
		{C451A62A-D8B3-4703-BA88-992AFD61BAC2}.Debug|Any CPU.ActiveCfg = Debug|Any CPU
		{C451A62A-D8B3-4703-BA88-992AFD61BAC2}.Debug|Any CPU.Build.0 = Debug|Any CPU
		{C451A62A-D8B3-4703-BA88-992AFD61BAC2}.Release|Any CPU.ActiveCfg = Release|Any CPU
		{C451A62A-D8B3-4703-BA88-992AFD61BAC2}.Release|Any CPU.Build.0 = Release|Any CPU
		{48CD3B33-E405-4F85-8FB4-AE31EA2C9CB9}.Debug|Any CPU.ActiveCfg = Debug|Any CPU
		{48CD3B33-E405-4F85-8FB4-AE31EA2C9CB9}.Debug|Any CPU.Build.0 = Debug|Any CPU
		{48CD3B33-E405-4F85-8FB4-AE31EA2C9CB9}.Release|Any CPU.ActiveCfg = Release|Any CPU
		{48CD3B33-E405-4F85-8FB4-AE31EA2C9CB9}.Release|Any CPU.Build.0 = Release|Any CPU
		{EC91D7E6-5704-42D2-B997-2BE6830BC0CB}.Debug|Any CPU.ActiveCfg = Debug|Any CPU
		{EC91D7E6-5704-42D2-B997-2BE6830BC0CB}.Debug|Any CPU.Build.0 = Debug|Any CPU
		{EC91D7E6-5704-42D2-B997-2BE6830BC0CB}.Release|Any CPU.ActiveCfg = Release|Any CPU
		{EC91D7E6-5704-42D2-B997-2BE6830BC0CB}.Release|Any CPU.Build.0 = Release|Any CPU
		{A817DAA9-5531-4782-AF1B-A4BC1A3690C3}.Debug|Any CPU.ActiveCfg = Debug|Any CPU
		{A817DAA9-5531-4782-AF1B-A4BC1A3690C3}.Debug|Any CPU.Build.0 = Debug|Any CPU
		{A817DAA9-5531-4782-AF1B-A4BC1A3690C3}.Release|Any CPU.ActiveCfg = Release|Any CPU
		{A817DAA9-5531-4782-AF1B-A4BC1A3690C3}.Release|Any CPU.Build.0 = Release|Any CPU
		{13B735FE-A4A0-4097-83AB-BCCF3C0803F4}.Debug|Any CPU.ActiveCfg = Debug|Any CPU
		{13B735FE-A4A0-4097-83AB-BCCF3C0803F4}.Debug|Any CPU.Build.0 = Debug|Any CPU
		{13B735FE-A4A0-4097-83AB-BCCF3C0803F4}.Release|Any CPU.ActiveCfg = Release|Any CPU
		{13B735FE-A4A0-4097-83AB-BCCF3C0803F4}.Release|Any CPU.Build.0 = Release|Any CPU
		{8E479074-2FE7-41F5-8020-FF21908006C2}.Debug|Any CPU.ActiveCfg = Debug|Any CPU
		{8E479074-2FE7-41F5-8020-FF21908006C2}.Debug|Any CPU.Build.0 = Debug|Any CPU
		{8E479074-2FE7-41F5-8020-FF21908006C2}.Release|Any CPU.ActiveCfg = Release|Any CPU
		{8E479074-2FE7-41F5-8020-FF21908006C2}.Release|Any CPU.Build.0 = Release|Any CPU
		{7D6BC597-42C6-489B-B8FC-1B0545414A85}.Debug|Any CPU.ActiveCfg = Debug|Any CPU
		{7D6BC597-42C6-489B-B8FC-1B0545414A85}.Debug|Any CPU.Build.0 = Debug|Any CPU
		{7D6BC597-42C6-489B-B8FC-1B0545414A85}.Release|Any CPU.ActiveCfg = Release|Any CPU
		{7D6BC597-42C6-489B-B8FC-1B0545414A85}.Release|Any CPU.Build.0 = Release|Any CPU
		{843FC2A5-4506-4BDF-B087-39EEC96AC34A}.Debug|Any CPU.ActiveCfg = Debug|Any CPU
		{843FC2A5-4506-4BDF-B087-39EEC96AC34A}.Debug|Any CPU.Build.0 = Debug|Any CPU
		{843FC2A5-4506-4BDF-B087-39EEC96AC34A}.Release|Any CPU.ActiveCfg = Release|Any CPU
		{843FC2A5-4506-4BDF-B087-39EEC96AC34A}.Release|Any CPU.Build.0 = Release|Any CPU
		{47DA2179-1D46-4938-A7F6-9252C7115B5C}.Debug|Any CPU.ActiveCfg = Debug|Any CPU
		{47DA2179-1D46-4938-A7F6-9252C7115B5C}.Debug|Any CPU.Build.0 = Debug|Any CPU
		{47DA2179-1D46-4938-A7F6-9252C7115B5C}.Release|Any CPU.ActiveCfg = Release|Any CPU
		{47DA2179-1D46-4938-A7F6-9252C7115B5C}.Release|Any CPU.Build.0 = Release|Any CPU
		{6CD9F7AB-C82B-4C29-B208-F537044D41F7}.Debug|Any CPU.ActiveCfg = Debug|Any CPU
		{6CD9F7AB-C82B-4C29-B208-F537044D41F7}.Debug|Any CPU.Build.0 = Debug|Any CPU
		{6CD9F7AB-C82B-4C29-B208-F537044D41F7}.Release|Any CPU.ActiveCfg = Release|Any CPU
		{6CD9F7AB-C82B-4C29-B208-F537044D41F7}.Release|Any CPU.Build.0 = Release|Any CPU
		{97E0C5AD-802E-4D71-932B-5AF52B43011B}.Debug|Any CPU.ActiveCfg = Debug|Any CPU
		{97E0C5AD-802E-4D71-932B-5AF52B43011B}.Debug|Any CPU.Build.0 = Debug|Any CPU
		{97E0C5AD-802E-4D71-932B-5AF52B43011B}.Release|Any CPU.ActiveCfg = Release|Any CPU
		{97E0C5AD-802E-4D71-932B-5AF52B43011B}.Release|Any CPU.Build.0 = Release|Any CPU
		{400393DE-DE8D-4512-B3B6-A8E915F677F1}.Debug|Any CPU.ActiveCfg = Debug|Any CPU
		{400393DE-DE8D-4512-B3B6-A8E915F677F1}.Debug|Any CPU.Build.0 = Debug|Any CPU
		{400393DE-DE8D-4512-B3B6-A8E915F677F1}.Release|Any CPU.ActiveCfg = Release|Any CPU
		{400393DE-DE8D-4512-B3B6-A8E915F677F1}.Release|Any CPU.Build.0 = Release|Any CPU
		{BB82F066-1A4C-4488-BA4F-7E3F174A2EFC}.Debug|Any CPU.ActiveCfg = Debug|Any CPU
		{BB82F066-1A4C-4488-BA4F-7E3F174A2EFC}.Debug|Any CPU.Build.0 = Debug|Any CPU
		{BB82F066-1A4C-4488-BA4F-7E3F174A2EFC}.Release|Any CPU.ActiveCfg = Release|Any CPU
		{BB82F066-1A4C-4488-BA4F-7E3F174A2EFC}.Release|Any CPU.Build.0 = Release|Any CPU
		{1D26CB16-247E-411F-A3D8-63437BC230D7}.Debug|Any CPU.ActiveCfg = Debug|Any CPU
		{1D26CB16-247E-411F-A3D8-63437BC230D7}.Debug|Any CPU.Build.0 = Debug|Any CPU
		{1D26CB16-247E-411F-A3D8-63437BC230D7}.Release|Any CPU.ActiveCfg = Release|Any CPU
		{1D26CB16-247E-411F-A3D8-63437BC230D7}.Release|Any CPU.Build.0 = Release|Any CPU
		{171A228D-78B8-459B-B0EE-9F11B13EA3BD}.Debug|Any CPU.ActiveCfg = Debug|Any CPU
		{171A228D-78B8-459B-B0EE-9F11B13EA3BD}.Debug|Any CPU.Build.0 = Debug|Any CPU
		{171A228D-78B8-459B-B0EE-9F11B13EA3BD}.Release|Any CPU.ActiveCfg = Release|Any CPU
		{171A228D-78B8-459B-B0EE-9F11B13EA3BD}.Release|Any CPU.Build.0 = Release|Any CPU
		{1F08AFFC-E3AD-479D-8C27-DEFC33488D95}.Debug|Any CPU.ActiveCfg = Debug|Any CPU
		{1F08AFFC-E3AD-479D-8C27-DEFC33488D95}.Debug|Any CPU.Build.0 = Debug|Any CPU
		{1F08AFFC-E3AD-479D-8C27-DEFC33488D95}.Release|Any CPU.ActiveCfg = Release|Any CPU
		{1F08AFFC-E3AD-479D-8C27-DEFC33488D95}.Release|Any CPU.Build.0 = Release|Any CPU
		{95815B15-DC9F-4DED-B428-620A5A9FD4A4}.Debug|Any CPU.ActiveCfg = Debug|Any CPU
		{95815B15-DC9F-4DED-B428-620A5A9FD4A4}.Debug|Any CPU.Build.0 = Debug|Any CPU
		{95815B15-DC9F-4DED-B428-620A5A9FD4A4}.Release|Any CPU.ActiveCfg = Release|Any CPU
		{95815B15-DC9F-4DED-B428-620A5A9FD4A4}.Release|Any CPU.Build.0 = Release|Any CPU
		{B843B422-A5E6-4FA6-A184-210136B6DAB0}.Debug|Any CPU.ActiveCfg = Debug|Any CPU
		{B843B422-A5E6-4FA6-A184-210136B6DAB0}.Debug|Any CPU.Build.0 = Debug|Any CPU
		{B843B422-A5E6-4FA6-A184-210136B6DAB0}.Release|Any CPU.ActiveCfg = Release|Any CPU
		{B843B422-A5E6-4FA6-A184-210136B6DAB0}.Release|Any CPU.Build.0 = Release|Any CPU
		{12EFCBFA-436A-42B0-97AC-C07250FF0C1D}.Debug|Any CPU.ActiveCfg = Debug|Any CPU
		{12EFCBFA-436A-42B0-97AC-C07250FF0C1D}.Debug|Any CPU.Build.0 = Debug|Any CPU
		{12EFCBFA-436A-42B0-97AC-C07250FF0C1D}.Release|Any CPU.ActiveCfg = Release|Any CPU
		{12EFCBFA-436A-42B0-97AC-C07250FF0C1D}.Release|Any CPU.Build.0 = Release|Any CPU
		{A382A77F-D83E-4B95-9FD7-75579C4F44AD}.Debug|Any CPU.ActiveCfg = Debug|Any CPU
		{A382A77F-D83E-4B95-9FD7-75579C4F44AD}.Debug|Any CPU.Build.0 = Debug|Any CPU
		{A382A77F-D83E-4B95-9FD7-75579C4F44AD}.Release|Any CPU.ActiveCfg = Release|Any CPU
		{A382A77F-D83E-4B95-9FD7-75579C4F44AD}.Release|Any CPU.Build.0 = Release|Any CPU
		{39791834-14F3-4CCF-A8A2-512057481919}.Debug|Any CPU.ActiveCfg = Debug|Any CPU
		{39791834-14F3-4CCF-A8A2-512057481919}.Debug|Any CPU.Build.0 = Debug|Any CPU
		{39791834-14F3-4CCF-A8A2-512057481919}.Release|Any CPU.ActiveCfg = Release|Any CPU
		{39791834-14F3-4CCF-A8A2-512057481919}.Release|Any CPU.Build.0 = Release|Any CPU
		{3C4937D3-D20B-47E8-A663-D2EC16A9D5C4}.Debug|Any CPU.ActiveCfg = Debug|Any CPU
		{3C4937D3-D20B-47E8-A663-D2EC16A9D5C4}.Debug|Any CPU.Build.0 = Debug|Any CPU
		{3C4937D3-D20B-47E8-A663-D2EC16A9D5C4}.Release|Any CPU.ActiveCfg = Release|Any CPU
		{3C4937D3-D20B-47E8-A663-D2EC16A9D5C4}.Release|Any CPU.Build.0 = Release|Any CPU
		{0225F917-3C54-4461-BAA6-632B6378FE21}.Debug|Any CPU.ActiveCfg = Debug|Any CPU
		{0225F917-3C54-4461-BAA6-632B6378FE21}.Debug|Any CPU.Build.0 = Debug|Any CPU
		{0225F917-3C54-4461-BAA6-632B6378FE21}.Release|Any CPU.ActiveCfg = Release|Any CPU
		{0225F917-3C54-4461-BAA6-632B6378FE21}.Release|Any CPU.Build.0 = Release|Any CPU
		{98C6306D-28F6-4818-A521-08F3D026665A}.Debug|Any CPU.ActiveCfg = Debug|Any CPU
		{98C6306D-28F6-4818-A521-08F3D026665A}.Debug|Any CPU.Build.0 = Debug|Any CPU
		{98C6306D-28F6-4818-A521-08F3D026665A}.Release|Any CPU.ActiveCfg = Release|Any CPU
		{98C6306D-28F6-4818-A521-08F3D026665A}.Release|Any CPU.Build.0 = Release|Any CPU
		{224FD7CD-B222-4E17-8ADC-632BC0B6002C}.Debug|Any CPU.ActiveCfg = Debug|Any CPU
		{224FD7CD-B222-4E17-8ADC-632BC0B6002C}.Debug|Any CPU.Build.0 = Debug|Any CPU
		{224FD7CD-B222-4E17-8ADC-632BC0B6002C}.Release|Any CPU.ActiveCfg = Release|Any CPU
		{224FD7CD-B222-4E17-8ADC-632BC0B6002C}.Release|Any CPU.Build.0 = Release|Any CPU
		{2A03EDF2-3165-417F-8EC5-E260A7329673}.Debug|Any CPU.ActiveCfg = Debug|Any CPU
		{2A03EDF2-3165-417F-8EC5-E260A7329673}.Debug|Any CPU.Build.0 = Debug|Any CPU
		{2A03EDF2-3165-417F-8EC5-E260A7329673}.Release|Any CPU.ActiveCfg = Release|Any CPU
		{2A03EDF2-3165-417F-8EC5-E260A7329673}.Release|Any CPU.Build.0 = Release|Any CPU
		{9CA090C0-A468-490A-A129-4F9C65BAE325}.Debug|Any CPU.ActiveCfg = Debug|Any CPU
		{9CA090C0-A468-490A-A129-4F9C65BAE325}.Debug|Any CPU.Build.0 = Debug|Any CPU
		{9CA090C0-A468-490A-A129-4F9C65BAE325}.Release|Any CPU.ActiveCfg = Release|Any CPU
		{9CA090C0-A468-490A-A129-4F9C65BAE325}.Release|Any CPU.Build.0 = Release|Any CPU
		{A6BE5CD8-606C-40C9-8DC8-B2A98B7D6EFF}.Debug|Any CPU.ActiveCfg = Debug|Any CPU
		{A6BE5CD8-606C-40C9-8DC8-B2A98B7D6EFF}.Debug|Any CPU.Build.0 = Debug|Any CPU
		{A6BE5CD8-606C-40C9-8DC8-B2A98B7D6EFF}.Release|Any CPU.ActiveCfg = Release|Any CPU
		{A6BE5CD8-606C-40C9-8DC8-B2A98B7D6EFF}.Release|Any CPU.Build.0 = Release|Any CPU
		{3BCF632D-801F-4B03-9D4F-DFBFB4E7B734}.Debug|Any CPU.ActiveCfg = Debug|Any CPU
		{3BCF632D-801F-4B03-9D4F-DFBFB4E7B734}.Debug|Any CPU.Build.0 = Debug|Any CPU
		{3BCF632D-801F-4B03-9D4F-DFBFB4E7B734}.Release|Any CPU.ActiveCfg = Release|Any CPU
		{3BCF632D-801F-4B03-9D4F-DFBFB4E7B734}.Release|Any CPU.Build.0 = Release|Any CPU
		{37432FC9-3F64-48FA-AC76-CDE9BA83DAF8}.Debug|Any CPU.ActiveCfg = Debug|Any CPU
		{37432FC9-3F64-48FA-AC76-CDE9BA83DAF8}.Debug|Any CPU.Build.0 = Debug|Any CPU
		{37432FC9-3F64-48FA-AC76-CDE9BA83DAF8}.Release|Any CPU.ActiveCfg = Release|Any CPU
		{37432FC9-3F64-48FA-AC76-CDE9BA83DAF8}.Release|Any CPU.Build.0 = Release|Any CPU
		{9F45C0EF-8B64-41AD-B511-230654C68944}.Debug|Any CPU.ActiveCfg = Debug|Any CPU
		{9F45C0EF-8B64-41AD-B511-230654C68944}.Debug|Any CPU.Build.0 = Debug|Any CPU
		{9F45C0EF-8B64-41AD-B511-230654C68944}.Release|Any CPU.ActiveCfg = Release|Any CPU
		{9F45C0EF-8B64-41AD-B511-230654C68944}.Release|Any CPU.Build.0 = Release|Any CPU
		{B34118B2-CFDE-48B7-9270-129062DAA1A2}.Debug|Any CPU.ActiveCfg = Debug|Any CPU
		{B34118B2-CFDE-48B7-9270-129062DAA1A2}.Debug|Any CPU.Build.0 = Debug|Any CPU
		{B34118B2-CFDE-48B7-9270-129062DAA1A2}.Release|Any CPU.ActiveCfg = Release|Any CPU
		{B34118B2-CFDE-48B7-9270-129062DAA1A2}.Release|Any CPU.Build.0 = Release|Any CPU
		{DBBD77C2-85AE-42DD-96F0-79CD4EDF4EEA}.Debug|Any CPU.ActiveCfg = Debug|Any CPU
		{DBBD77C2-85AE-42DD-96F0-79CD4EDF4EEA}.Debug|Any CPU.Build.0 = Debug|Any CPU
		{DBBD77C2-85AE-42DD-96F0-79CD4EDF4EEA}.Release|Any CPU.ActiveCfg = Release|Any CPU
		{DBBD77C2-85AE-42DD-96F0-79CD4EDF4EEA}.Release|Any CPU.Build.0 = Release|Any CPU
		{3C0D531A-9F74-4F41-87DB-A996EB69FF3A}.Debug|Any CPU.ActiveCfg = Debug|Any CPU
		{3C0D531A-9F74-4F41-87DB-A996EB69FF3A}.Debug|Any CPU.Build.0 = Debug|Any CPU
		{3C0D531A-9F74-4F41-87DB-A996EB69FF3A}.Release|Any CPU.ActiveCfg = Release|Any CPU
		{3C0D531A-9F74-4F41-87DB-A996EB69FF3A}.Release|Any CPU.Build.0 = Release|Any CPU
		{452948C6-674E-4414-8D94-B72F220DEF01}.Debug|Any CPU.ActiveCfg = Debug|Any CPU
		{452948C6-674E-4414-8D94-B72F220DEF01}.Debug|Any CPU.Build.0 = Debug|Any CPU
		{452948C6-674E-4414-8D94-B72F220DEF01}.Release|Any CPU.ActiveCfg = Release|Any CPU
		{452948C6-674E-4414-8D94-B72F220DEF01}.Release|Any CPU.Build.0 = Release|Any CPU
		{4DE40320-E813-4AC4-A1F7-496E99D92EC4}.Debug|Any CPU.ActiveCfg = Debug|Any CPU
		{4DE40320-E813-4AC4-A1F7-496E99D92EC4}.Debug|Any CPU.Build.0 = Debug|Any CPU
		{4DE40320-E813-4AC4-A1F7-496E99D92EC4}.Release|Any CPU.ActiveCfg = Release|Any CPU
		{4DE40320-E813-4AC4-A1F7-496E99D92EC4}.Release|Any CPU.Build.0 = Release|Any CPU
		{A88F2C85-2C81-4D3A-A4E6-46BE44DBC1FB}.Debug|Any CPU.ActiveCfg = Debug|Any CPU
		{A88F2C85-2C81-4D3A-A4E6-46BE44DBC1FB}.Debug|Any CPU.Build.0 = Debug|Any CPU
		{A88F2C85-2C81-4D3A-A4E6-46BE44DBC1FB}.Release|Any CPU.ActiveCfg = Release|Any CPU
		{A88F2C85-2C81-4D3A-A4E6-46BE44DBC1FB}.Release|Any CPU.Build.0 = Release|Any CPU
		{2C4A7AC4-9E8F-4B38-97FB-4B8DD519B7BD}.Debug|Any CPU.ActiveCfg = Debug|Any CPU
		{2C4A7AC4-9E8F-4B38-97FB-4B8DD519B7BD}.Debug|Any CPU.Build.0 = Debug|Any CPU
		{2C4A7AC4-9E8F-4B38-97FB-4B8DD519B7BD}.Release|Any CPU.ActiveCfg = Release|Any CPU
		{2C4A7AC4-9E8F-4B38-97FB-4B8DD519B7BD}.Release|Any CPU.Build.0 = Release|Any CPU
		{F13DAED1-2225-4D64-8D4D-BB53841377F5}.Debug|Any CPU.ActiveCfg = Debug|Any CPU
		{F13DAED1-2225-4D64-8D4D-BB53841377F5}.Debug|Any CPU.Build.0 = Debug|Any CPU
		{F13DAED1-2225-4D64-8D4D-BB53841377F5}.Release|Any CPU.ActiveCfg = Release|Any CPU
		{F13DAED1-2225-4D64-8D4D-BB53841377F5}.Release|Any CPU.Build.0 = Release|Any CPU
		{B57ECFAD-33CF-470A-89A4-B98CE818067A}.Debug|Any CPU.ActiveCfg = Debug|Any CPU
		{B57ECFAD-33CF-470A-89A4-B98CE818067A}.Debug|Any CPU.Build.0 = Debug|Any CPU
		{B57ECFAD-33CF-470A-89A4-B98CE818067A}.Release|Any CPU.ActiveCfg = Release|Any CPU
		{B57ECFAD-33CF-470A-89A4-B98CE818067A}.Release|Any CPU.Build.0 = Release|Any CPU
		{B239B33C-8C2D-4875-AA2A-EE3EB97D2102}.Debug|Any CPU.ActiveCfg = Debug|Any CPU
		{B239B33C-8C2D-4875-AA2A-EE3EB97D2102}.Debug|Any CPU.Build.0 = Debug|Any CPU
		{B239B33C-8C2D-4875-AA2A-EE3EB97D2102}.Release|Any CPU.ActiveCfg = Release|Any CPU
		{B239B33C-8C2D-4875-AA2A-EE3EB97D2102}.Release|Any CPU.Build.0 = Release|Any CPU
		{87AA4118-CAD6-4B66-ABEB-42CDA644035F}.Debug|Any CPU.ActiveCfg = Debug|Any CPU
		{87AA4118-CAD6-4B66-ABEB-42CDA644035F}.Debug|Any CPU.Build.0 = Debug|Any CPU
		{87AA4118-CAD6-4B66-ABEB-42CDA644035F}.Release|Any CPU.ActiveCfg = Release|Any CPU
		{87AA4118-CAD6-4B66-ABEB-42CDA644035F}.Release|Any CPU.Build.0 = Release|Any CPU
		{FE0F6C1F-7FA2-4653-9C2A-57BDCB00FA0A}.Debug|Any CPU.ActiveCfg = Debug|Any CPU
		{FE0F6C1F-7FA2-4653-9C2A-57BDCB00FA0A}.Debug|Any CPU.Build.0 = Debug|Any CPU
		{FE0F6C1F-7FA2-4653-9C2A-57BDCB00FA0A}.Release|Any CPU.ActiveCfg = Release|Any CPU
		{FE0F6C1F-7FA2-4653-9C2A-57BDCB00FA0A}.Release|Any CPU.Build.0 = Release|Any CPU
		{980F2062-A6AC-424D-ADD2-5547E7947154}.Debug|Any CPU.ActiveCfg = Debug|Any CPU
		{980F2062-A6AC-424D-ADD2-5547E7947154}.Debug|Any CPU.Build.0 = Debug|Any CPU
		{980F2062-A6AC-424D-ADD2-5547E7947154}.Release|Any CPU.ActiveCfg = Release|Any CPU
		{980F2062-A6AC-424D-ADD2-5547E7947154}.Release|Any CPU.Build.0 = Release|Any CPU
		{A56E83C0-9171-4E2C-AB07-7C870F04FFB7}.Debug|Any CPU.ActiveCfg = Debug|Any CPU
		{A56E83C0-9171-4E2C-AB07-7C870F04FFB7}.Debug|Any CPU.Build.0 = Debug|Any CPU
		{A56E83C0-9171-4E2C-AB07-7C870F04FFB7}.Release|Any CPU.ActiveCfg = Release|Any CPU
		{A56E83C0-9171-4E2C-AB07-7C870F04FFB7}.Release|Any CPU.Build.0 = Release|Any CPU
		{45250500-9B9E-42DE-8564-0CD12F25EC05}.Debug|Any CPU.ActiveCfg = Debug|Any CPU
		{45250500-9B9E-42DE-8564-0CD12F25EC05}.Debug|Any CPU.Build.0 = Debug|Any CPU
		{45250500-9B9E-42DE-8564-0CD12F25EC05}.Release|Any CPU.ActiveCfg = Release|Any CPU
		{45250500-9B9E-42DE-8564-0CD12F25EC05}.Release|Any CPU.Build.0 = Release|Any CPU
		{70FC2E7C-87CD-4076-9C00-C3CB0C25C6C7}.Debug|Any CPU.ActiveCfg = Debug|Any CPU
		{70FC2E7C-87CD-4076-9C00-C3CB0C25C6C7}.Debug|Any CPU.Build.0 = Debug|Any CPU
		{70FC2E7C-87CD-4076-9C00-C3CB0C25C6C7}.Release|Any CPU.ActiveCfg = Release|Any CPU
		{70FC2E7C-87CD-4076-9C00-C3CB0C25C6C7}.Release|Any CPU.Build.0 = Release|Any CPU
		{A3739AB8-FB4A-483B-84CE-B71E55BA5E0E}.Debug|Any CPU.ActiveCfg = Debug|Any CPU
		{A3739AB8-FB4A-483B-84CE-B71E55BA5E0E}.Debug|Any CPU.Build.0 = Debug|Any CPU
		{A3739AB8-FB4A-483B-84CE-B71E55BA5E0E}.Release|Any CPU.ActiveCfg = Release|Any CPU
		{A3739AB8-FB4A-483B-84CE-B71E55BA5E0E}.Release|Any CPU.Build.0 = Release|Any CPU
	EndGlobalSection
	GlobalSection(SolutionProperties) = preSolution
		HideSolutionNode = FALSE
	EndGlobalSection
	GlobalSection(ExtensibilityGlobals) = postSolution
		SolutionGuid = {3F4B42E0-CB3F-4C12-BD51-9F2CD851EAA3}
	EndGlobalSection
EndGlobal
